// !$*UTF8*$!
{
	archiveVersion = 1;
	classes = {
	};
	objectVersion = 56;
	objects = {

/* Begin PBXBuildFile section */
		8CCAA33C2D936C920050DD4A /* NSUserDefaults+Soulver.m in Sources */ = {isa = PBXBuildFile; fileRef = 8CCAA33B2D936C920050DD4A /* NSUserDefaults+Soulver.m */; };
		8CCAA3552D936CA20050DD4A /* SVRSolverScanner.m in Sources */ = {isa = PBXBuildFile; fileRef = 8CCAA34E2D936CA20050DD4A /* SVRSolverScanner.m */; };
		8CCAA3562D936CA20050DD4A /* SVRSolverSolutionTagger.m in Sources */ = {isa = PBXBuildFile; fileRef = 8CCAA3502D936CA20050DD4A /* SVRSolverSolutionTagger.m */; };
		8CCAA3572D936CA20050DD4A /* SVRSolverStyler.m in Sources */ = {isa = PBXBuildFile; fileRef = 8CCAA3522D936CA20050DD4A /* SVRSolverStyler.m */; };
		8CCAA3582D936CA20050DD4A /* SVRAppDelegate.m in Sources */ = {isa = PBXBuildFile; fileRef = 8CCAA3402D936CA20050DD4A /* SVRAppDelegate.m */; };
		8CCAA3592D936CA20050DD4A /* SVRDocumentViewController.m in Sources */ = {isa = PBXBuildFile; fileRef = 8CCAA3462D936CA20050DD4A /* SVRDocumentViewController.m */; };
		8CCAA35A2D936CA20050DD4A /* SVRSolverExpressionTagger.m in Sources */ = {isa = PBXBuildFile; fileRef = 8CCAA34C2D936CA20050DD4A /* SVRSolverExpressionTagger.m */; };
		8CCAA35B2D936CA20050DD4A /* SVRDocumentModelController.m in Sources */ = {isa = PBXBuildFile; fileRef = 8CCAA3442D936CA20050DD4A /* SVRDocumentModelController.m */; };
		8CCAA35C2D936CA20050DD4A /* SVRSettingsViewController.m in Sources */ = {isa = PBXBuildFile; fileRef = 8CCAA3482D936CA20050DD4A /* SVRSettingsViewController.m */; };
		8CCAA35D2D936CA20050DD4A /* SVRAccessoryWindowsOwner.m in Sources */ = {isa = PBXBuildFile; fileRef = 8CCAA33E2D936CA20050DD4A /* SVRAccessoryWindowsOwner.m */; };
		8CCAA35E2D936CA20050DD4A /* SVRDocument.m in Sources */ = {isa = PBXBuildFile; fileRef = 8CCAA3422D936CA20050DD4A /* SVRDocument.m */; };
		8CCAA35F2D936CA20050DD4A /* SVRSolver.m in Sources */ = {isa = PBXBuildFile; fileRef = 8CCAA34A2D936CA20050DD4A /* SVRSolver.m */; };
		8CCAA3602D936CA20050DD4A /* SVRSolverTextAttachment.m in Sources */ = {isa = PBXBuildFile; fileRef = 8CCAA3542D936CA20050DD4A /* SVRSolverTextAttachment.m */; };
		8CCAA3672D936CB80050DD4A /* XPCrossPlatform.m in Sources */ = {isa = PBXBuildFile; fileRef = 8CCAA3622D936CB80050DD4A /* XPCrossPlatform.m */; };
		8CCAA3682D936CB80050DD4A /* XPDocument.m in Sources */ = {isa = PBXBuildFile; fileRef = 8CCAA3642D936CB80050DD4A /* XPDocument.m */; };
		8CCAA3692D936CB80050DD4A /* XPRegularExpression.m in Sources */ = {isa = PBXBuildFile; fileRef = 8CCAA3662D936CB80050DD4A /* XPRegularExpression.m */; };
		8CCAA3722D936CC80050DD4A /* TestsIntegration.m in Sources */ = {isa = PBXBuildFile; fileRef = 8CCAA36B2D936CC80050DD4A /* TestsIntegration.m */; };
		8CCAA3732D936CC80050DD4A /* TestsUnit.m in Sources */ = {isa = PBXBuildFile; fileRef = 8CCAA3712D936CC80050DD4A /* TestsUnit.m */; };
		8CCAA3762D936CE60050DD4A /* Soulver_main.m in Sources */ = {isa = PBXBuildFile; fileRef = 8CCAA3742D936CE60050DD4A /* Soulver_main.m */; };
		8CCAA3792D936CF10050DD4A /* slre.c in Sources */ = {isa = PBXBuildFile; fileRef = 8CCAA3782D936CF10050DD4A /* slre.c */; };
		8CCAA3902D936DA30050DD4A /* TestsIntegration-DiskRep.txt in CopyFiles */ = {isa = PBXBuildFile; fileRef = 8CCAA36C2D936CC80050DD4A /* TestsIntegration-DiskRep.txt */; };
		8CCAA3912D936DA30050DD4A /* TestsIntegration-DisplayRep.rtf in CopyFiles */ = {isa = PBXBuildFile; fileRef = 8CCAA36D2D936CC80050DD4A /* TestsIntegration-DisplayRep.rtf */; };
		8CCAA3922D936DA30050DD4A /* TestsIntegration-SolvedRep.rtf in CopyFiles */ = {isa = PBXBuildFile; fileRef = 8CCAA36E2D936CC80050DD4A /* TestsIntegration-SolvedRep.rtf */; };
		8CCAA3932D936DA30050DD4A /* TestsIntegration-UnsolvedRep.rtf in CopyFiles */ = {isa = PBXBuildFile; fileRef = 8CCAA36F2D936CC80050DD4A /* TestsIntegration-UnsolvedRep.rtf */; };
		8CCAA3942D936DA30050DD4A /* about-image-512.tiff in CopyFiles */ = {isa = PBXBuildFile; fileRef = 8CCAA37A2D936D180050DD4A /* about-image-512.tiff */; };
		8CCAA3952D936DA30050DD4A /* Localizable.strings in CopyFiles */ = {isa = PBXBuildFile; fileRef = 8CCAA37D2D936D4B0050DD4A /* Localizable.strings */; };
/* End PBXBuildFile section */

/* Begin PBXCopyFilesBuildPhase section */
		8CD402012D6AFCAF00024E10 /* CopyFiles */ = {
			isa = PBXCopyFilesBuildPhase;
			buildActionMask = 12;
			dstPath = "";
			dstSubfolderSpec = 6;
			files = (
				8CCAA3902D936DA30050DD4A /* TestsIntegration-DiskRep.txt in CopyFiles */,
				8CCAA3912D936DA30050DD4A /* TestsIntegration-DisplayRep.rtf in CopyFiles */,
				8CCAA3922D936DA30050DD4A /* TestsIntegration-SolvedRep.rtf in CopyFiles */,
				8CCAA3932D936DA30050DD4A /* TestsIntegration-UnsolvedRep.rtf in CopyFiles */,
				8CCAA3942D936DA30050DD4A /* about-image-512.tiff in CopyFiles */,
				8CCAA3952D936DA30050DD4A /* Localizable.strings in CopyFiles */,
			);
			runOnlyForDeploymentPostprocessing = 0;
		};
/* End PBXCopyFilesBuildPhase section */

/* Begin PBXFileReference section */
		8CCAA33A2D936C920050DD4A /* NSUserDefaults+Soulver.h */ = {isa = PBXFileReference; lastKnownFileType = sourcecode.c.h; name = "NSUserDefaults+Soulver.h"; path = "../Soulver/NSUserDefaults+Soulver.h"; sourceTree = SOURCE_ROOT; };
		8CCAA33B2D936C920050DD4A /* NSUserDefaults+Soulver.m */ = {isa = PBXFileReference; lastKnownFileType = sourcecode.c.objc; name = "NSUserDefaults+Soulver.m"; path = "../Soulver/NSUserDefaults+Soulver.m"; sourceTree = SOURCE_ROOT; };
		8CCAA33D2D936CA20050DD4A /* SVRAccessoryWindowsOwner.h */ = {isa = PBXFileReference; lastKnownFileType = sourcecode.c.h; name = SVRAccessoryWindowsOwner.h; path = ../Soulver/SVRAccessoryWindowsOwner.h; sourceTree = SOURCE_ROOT; };
		8CCAA33E2D936CA20050DD4A /* SVRAccessoryWindowsOwner.m */ = {isa = PBXFileReference; lastKnownFileType = sourcecode.c.objc; name = SVRAccessoryWindowsOwner.m; path = ../Soulver/SVRAccessoryWindowsOwner.m; sourceTree = SOURCE_ROOT; };
		8CCAA33F2D936CA20050DD4A /* SVRAppDelegate.h */ = {isa = PBXFileReference; lastKnownFileType = sourcecode.c.h; name = SVRAppDelegate.h; path = ../Soulver/SVRAppDelegate.h; sourceTree = SOURCE_ROOT; };
		8CCAA3402D936CA20050DD4A /* SVRAppDelegate.m */ = {isa = PBXFileReference; lastKnownFileType = sourcecode.c.objc; name = SVRAppDelegate.m; path = ../Soulver/SVRAppDelegate.m; sourceTree = SOURCE_ROOT; };
		8CCAA3412D936CA20050DD4A /* SVRDocument.h */ = {isa = PBXFileReference; lastKnownFileType = sourcecode.c.h; name = SVRDocument.h; path = ../Soulver/SVRDocument.h; sourceTree = SOURCE_ROOT; };
		8CCAA3422D936CA20050DD4A /* SVRDocument.m */ = {isa = PBXFileReference; lastKnownFileType = sourcecode.c.objc; name = SVRDocument.m; path = ../Soulver/SVRDocument.m; sourceTree = SOURCE_ROOT; };
		8CCAA3432D936CA20050DD4A /* SVRDocumentModelController.h */ = {isa = PBXFileReference; lastKnownFileType = sourcecode.c.h; name = SVRDocumentModelController.h; path = ../Soulver/SVRDocumentModelController.h; sourceTree = SOURCE_ROOT; };
		8CCAA3442D936CA20050DD4A /* SVRDocumentModelController.m */ = {isa = PBXFileReference; lastKnownFileType = sourcecode.c.objc; name = SVRDocumentModelController.m; path = ../Soulver/SVRDocumentModelController.m; sourceTree = SOURCE_ROOT; };
		8CCAA3452D936CA20050DD4A /* SVRDocumentViewController.h */ = {isa = PBXFileReference; lastKnownFileType = sourcecode.c.h; name = SVRDocumentViewController.h; path = ../Soulver/SVRDocumentViewController.h; sourceTree = SOURCE_ROOT; };
		8CCAA3462D936CA20050DD4A /* SVRDocumentViewController.m */ = {isa = PBXFileReference; lastKnownFileType = sourcecode.c.objc; name = SVRDocumentViewController.m; path = ../Soulver/SVRDocumentViewController.m; sourceTree = SOURCE_ROOT; };
		8CCAA3472D936CA20050DD4A /* SVRSettingsViewController.h */ = {isa = PBXFileReference; lastKnownFileType = sourcecode.c.h; name = SVRSettingsViewController.h; path = ../Soulver/SVRSettingsViewController.h; sourceTree = SOURCE_ROOT; };
		8CCAA3482D936CA20050DD4A /* SVRSettingsViewController.m */ = {isa = PBXFileReference; lastKnownFileType = sourcecode.c.objc; name = SVRSettingsViewController.m; path = ../Soulver/SVRSettingsViewController.m; sourceTree = SOURCE_ROOT; };
		8CCAA3492D936CA20050DD4A /* SVRSolver.h */ = {isa = PBXFileReference; lastKnownFileType = sourcecode.c.h; name = SVRSolver.h; path = ../Soulver/SVRSolver.h; sourceTree = SOURCE_ROOT; };
		8CCAA34A2D936CA20050DD4A /* SVRSolver.m */ = {isa = PBXFileReference; lastKnownFileType = sourcecode.c.objc; name = SVRSolver.m; path = ../Soulver/SVRSolver.m; sourceTree = SOURCE_ROOT; };
		8CCAA34B2D936CA20050DD4A /* SVRSolverExpressionTagger.h */ = {isa = PBXFileReference; lastKnownFileType = sourcecode.c.h; name = SVRSolverExpressionTagger.h; path = ../Soulver/SVRSolverExpressionTagger.h; sourceTree = SOURCE_ROOT; };
		8CCAA34C2D936CA20050DD4A /* SVRSolverExpressionTagger.m */ = {isa = PBXFileReference; lastKnownFileType = sourcecode.c.objc; name = SVRSolverExpressionTagger.m; path = ../Soulver/SVRSolverExpressionTagger.m; sourceTree = SOURCE_ROOT; };
		8CCAA34D2D936CA20050DD4A /* SVRSolverScanner.h */ = {isa = PBXFileReference; lastKnownFileType = sourcecode.c.h; name = SVRSolverScanner.h; path = ../Soulver/SVRSolverScanner.h; sourceTree = SOURCE_ROOT; };
		8CCAA34E2D936CA20050DD4A /* SVRSolverScanner.m */ = {isa = PBXFileReference; lastKnownFileType = sourcecode.c.objc; name = SVRSolverScanner.m; path = ../Soulver/SVRSolverScanner.m; sourceTree = SOURCE_ROOT; };
		8CCAA34F2D936CA20050DD4A /* SVRSolverSolutionTagger.h */ = {isa = PBXFileReference; lastKnownFileType = sourcecode.c.h; name = SVRSolverSolutionTagger.h; path = ../Soulver/SVRSolverSolutionTagger.h; sourceTree = SOURCE_ROOT; };
		8CCAA3502D936CA20050DD4A /* SVRSolverSolutionTagger.m */ = {isa = PBXFileReference; lastKnownFileType = sourcecode.c.objc; name = SVRSolverSolutionTagger.m; path = ../Soulver/SVRSolverSolutionTagger.m; sourceTree = SOURCE_ROOT; };
		8CCAA3512D936CA20050DD4A /* SVRSolverStyler.h */ = {isa = PBXFileReference; lastKnownFileType = sourcecode.c.h; name = SVRSolverStyler.h; path = ../Soulver/SVRSolverStyler.h; sourceTree = SOURCE_ROOT; };
		8CCAA3522D936CA20050DD4A /* SVRSolverStyler.m */ = {isa = PBXFileReference; lastKnownFileType = sourcecode.c.objc; name = SVRSolverStyler.m; path = ../Soulver/SVRSolverStyler.m; sourceTree = SOURCE_ROOT; };
		8CCAA3532D936CA20050DD4A /* SVRSolverTextAttachment.h */ = {isa = PBXFileReference; lastKnownFileType = sourcecode.c.h; name = SVRSolverTextAttachment.h; path = ../Soulver/SVRSolverTextAttachment.h; sourceTree = SOURCE_ROOT; };
		8CCAA3542D936CA20050DD4A /* SVRSolverTextAttachment.m */ = {isa = PBXFileReference; lastKnownFileType = sourcecode.c.objc; name = SVRSolverTextAttachment.m; path = ../Soulver/SVRSolverTextAttachment.m; sourceTree = SOURCE_ROOT; };
		8CCAA3612D936CB80050DD4A /* XPCrossPlatform.h */ = {isa = PBXFileReference; lastKnownFileType = sourcecode.c.h; name = XPCrossPlatform.h; path = ../Soulver/XPCrossPlatform.h; sourceTree = SOURCE_ROOT; };
		8CCAA3622D936CB80050DD4A /* XPCrossPlatform.m */ = {isa = PBXFileReference; lastKnownFileType = sourcecode.c.objc; name = XPCrossPlatform.m; path = ../Soulver/XPCrossPlatform.m; sourceTree = SOURCE_ROOT; };
		8CCAA3632D936CB80050DD4A /* XPDocument.h */ = {isa = PBXFileReference; lastKnownFileType = sourcecode.c.h; name = XPDocument.h; path = ../Soulver/XPDocument.h; sourceTree = SOURCE_ROOT; };
		8CCAA3642D936CB80050DD4A /* XPDocument.m */ = {isa = PBXFileReference; lastKnownFileType = sourcecode.c.objc; name = XPDocument.m; path = ../Soulver/XPDocument.m; sourceTree = SOURCE_ROOT; };
		8CCAA3652D936CB80050DD4A /* XPRegularExpression.h */ = {isa = PBXFileReference; lastKnownFileType = sourcecode.c.h; name = XPRegularExpression.h; path = ../Soulver/XPRegularExpression.h; sourceTree = SOURCE_ROOT; };
		8CCAA3662D936CB80050DD4A /* XPRegularExpression.m */ = {isa = PBXFileReference; lastKnownFileType = sourcecode.c.objc; name = XPRegularExpression.m; path = ../Soulver/XPRegularExpression.m; sourceTree = SOURCE_ROOT; };
		8CCAA36A2D936CC80050DD4A /* TestsIntegration.h */ = {isa = PBXFileReference; lastKnownFileType = sourcecode.c.h; name = TestsIntegration.h; path = ../Soulver/TestsIntegration.h; sourceTree = SOURCE_ROOT; };
		8CCAA36B2D936CC80050DD4A /* TestsIntegration.m */ = {isa = PBXFileReference; lastKnownFileType = sourcecode.c.objc; name = TestsIntegration.m; path = ../Soulver/TestsIntegration.m; sourceTree = SOURCE_ROOT; };
		8CCAA36C2D936CC80050DD4A /* TestsIntegration-DiskRep.txt */ = {isa = PBXFileReference; lastKnownFileType = text; name = "TestsIntegration-DiskRep.txt"; path = "../Soulver/TestsIntegration-DiskRep.txt"; sourceTree = SOURCE_ROOT; };
		8CCAA36D2D936CC80050DD4A /* TestsIntegration-DisplayRep.rtf */ = {isa = PBXFileReference; lastKnownFileType = text.rtf; name = "TestsIntegration-DisplayRep.rtf"; path = "../Soulver/TestsIntegration-DisplayRep.rtf"; sourceTree = SOURCE_ROOT; };
		8CCAA36E2D936CC80050DD4A /* TestsIntegration-SolvedRep.rtf */ = {isa = PBXFileReference; lastKnownFileType = text.rtf; name = "TestsIntegration-SolvedRep.rtf"; path = "../Soulver/TestsIntegration-SolvedRep.rtf"; sourceTree = SOURCE_ROOT; };
		8CCAA36F2D936CC80050DD4A /* TestsIntegration-UnsolvedRep.rtf */ = {isa = PBXFileReference; lastKnownFileType = text.rtf; name = "TestsIntegration-UnsolvedRep.rtf"; path = "../Soulver/TestsIntegration-UnsolvedRep.rtf"; sourceTree = SOURCE_ROOT; };
		8CCAA3702D936CC80050DD4A /* TestsUnit.h */ = {isa = PBXFileReference; lastKnownFileType = sourcecode.c.h; name = TestsUnit.h; path = ../Soulver/TestsUnit.h; sourceTree = SOURCE_ROOT; };
		8CCAA3712D936CC80050DD4A /* TestsUnit.m */ = {isa = PBXFileReference; lastKnownFileType = sourcecode.c.objc; name = TestsUnit.m; path = ../Soulver/TestsUnit.m; sourceTree = SOURCE_ROOT; };
		8CCAA3742D936CE60050DD4A /* Soulver_main.m */ = {isa = PBXFileReference; lastKnownFileType = sourcecode.c.objc; name = Soulver_main.m; path = ../Soulver/Soulver_main.m; sourceTree = SOURCE_ROOT; };
		8CCAA3752D936CE60050DD4A /* Soulver_Prefix.h */ = {isa = PBXFileReference; lastKnownFileType = sourcecode.c.h; name = Soulver_Prefix.h; path = ../Soulver/Soulver_Prefix.h; sourceTree = SOURCE_ROOT; };
		8CCAA3772D936CF10050DD4A /* slre.h */ = {isa = PBXFileReference; lastKnownFileType = sourcecode.c.h; name = slre.h; path = ../Soulver/slre.h; sourceTree = SOURCE_ROOT; };
		8CCAA3782D936CF10050DD4A /* slre.c */ = {isa = PBXFileReference; lastKnownFileType = sourcecode.c.c; name = slre.c; path = ../Soulver/slre.c; sourceTree = SOURCE_ROOT; };
		8CCAA37A2D936D180050DD4A /* about-image-512.tiff */ = {isa = PBXFileReference; lastKnownFileType = image.tiff; name = "about-image-512.tiff"; path = "../Soulver/about-image-512.tiff"; sourceTree = SOURCE_ROOT; };
		8CCAA3812D936D4B0050DD4A /* English */ = {isa = PBXFileReference; lastKnownFileType = text.plist.strings; name = English; path = ../../Soulver/English.lproj/Localizable.strings; sourceTree = "<group>"; };
		8CCAA3822D936D4B0050DD4A /* English */ = {isa = PBXFileReference; lastKnownFileType = wrapper.nib; name = English; path = ../../Soulver/English.lproj/SVRDocument_42.nib; sourceTree = "<group>"; };
		8CCAA3832D936D4B0050DD4A /* English */ = {isa = PBXFileReference; lastKnownFileType = text.plist.strings; name = English; path = ../../Soulver/English.lproj/InfoPlist.strings; sourceTree = "<group>"; };
		8CCAA3842D936D4B0050DD4A /* English */ = {isa = PBXFileReference; lastKnownFileType = wrapper.nib; name = English; path = ../../Soulver/English.lproj/MainMenu_42.nib; sourceTree = "<group>"; };
		8CCAA3852D936D4B0050DD4A /* English */ = {isa = PBXFileReference; lastKnownFileType = wrapper.nib; name = English; path = ../../Soulver/English.lproj/AccessoryWindows_42.nib; sourceTree = "<group>"; };
		8CCAA3862D936D4B0050DD4A /* English */ = {isa = PBXFileReference; lastKnownFileType = wrapper.nib; name = English; path = ../../Soulver/English.lproj/MainMenu_X2.nib; sourceTree = "<group>"; };
		8CCAA3872D936D600050DD4A /* h.template */ = {isa = PBXFileReference; lastKnownFileType = text; name = h.template; path = ../Soulver/h.template; sourceTree = SOURCE_ROOT; };
		8CCAA3882D936D600050DD4A /* Import Log.rtf */ = {isa = PBXFileReference; lastKnownFileType = text.rtf; name = "Import Log.rtf"; path = "../Soulver/Import Log.rtf"; sourceTree = SOURCE_ROOT; };
		8CCAA3892D936D600050DD4A /* m.template */ = {isa = PBXFileReference; lastKnownFileType = text; name = m.template; path = ../Soulver/m.template; sourceTree = SOURCE_ROOT; };
		8CCAA38A2D936D600050DD4A /* Makefile */ = {isa = PBXFileReference; lastKnownFileType = sourcecode.make; name = Makefile; path = ../Soulver/Makefile; sourceTree = SOURCE_ROOT; };
		8CCAA38B2D936D600050DD4A /* Makefile.postamble */ = {isa = PBXFileReference; lastKnownFileType = text; name = Makefile.postamble; path = ../Soulver/Makefile.postamble; sourceTree = SOURCE_ROOT; };
		8CCAA38C2D936D600050DD4A /* Makefile.preamble */ = {isa = PBXFileReference; lastKnownFileType = text; name = Makefile.preamble; path = ../Soulver/Makefile.preamble; sourceTree = SOURCE_ROOT; };
		8CCAA38D2D936D600050DD4A /* PB.project */ = {isa = PBXFileReference; lastKnownFileType = text; name = PB.project; path = ../Soulver/PB.project; sourceTree = SOURCE_ROOT; };
		8CCAA38E2D936D7E0050DD4A /* Soulver.iconheader */ = {isa = PBXFileReference; lastKnownFileType = text; name = Soulver.iconheader; path = ../Soulver/Soulver.iconheader; sourceTree = SOURCE_ROOT; };
		8CCAA38F2D936D890050DD4A /* .gdbinit */ = {isa = PBXFileReference; lastKnownFileType = text; name = .gdbinit; path = ../Soulver/.gdbinit; sourceTree = SOURCE_ROOT; };
		8CD402032D6AFCAF00024E10 /* Xcode14 */ = {isa = PBXFileReference; explicitFileType = "compiled.mach-o.executable"; includeInIndex = 0; path = Xcode14; sourceTree = BUILT_PRODUCTS_DIR; };
/* End PBXFileReference section */

/* Begin PBXFrameworksBuildPhase section */
		8CD402002D6AFCAF00024E10 /* Frameworks */ = {
			isa = PBXFrameworksBuildPhase;
			buildActionMask = 2147483647;
			files = (
			);
			runOnlyForDeploymentPostprocessing = 0;
		};
/* End PBXFrameworksBuildPhase section */

/* Begin PBXGroup section */
		8CCAA3352D936C210050DD4A /* Tests */ = {
			isa = PBXGroup;
			children = (
				8CCAA36A2D936CC80050DD4A /* TestsIntegration.h */,
				8CCAA36B2D936CC80050DD4A /* TestsIntegration.m */,
				8CCAA36C2D936CC80050DD4A /* TestsIntegration-DiskRep.txt */,
				8CCAA36D2D936CC80050DD4A /* TestsIntegration-DisplayRep.rtf */,
				8CCAA36E2D936CC80050DD4A /* TestsIntegration-SolvedRep.rtf */,
				8CCAA36F2D936CC80050DD4A /* TestsIntegration-UnsolvedRep.rtf */,
				8CCAA3702D936CC80050DD4A /* TestsUnit.h */,
				8CCAA3712D936CC80050DD4A /* TestsUnit.m */,
			);
			path = Tests;
			sourceTree = "<group>";
		};
		8CCAA3362D936C280050DD4A /* Other Sources */ = {
			isa = PBXGroup;
			children = (
				8CCAA3742D936CE60050DD4A /* Soulver_main.m */,
				8CCAA3752D936CE60050DD4A /* Soulver_Prefix.h */,
			);
			path = "Other Sources";
			sourceTree = "<group>";
		};
		8CCAA3372D936C2F0050DD4A /* Images */ = {
			isa = PBXGroup;
			children = (
				8CCAA37A2D936D180050DD4A /* about-image-512.tiff */,
			);
			path = Images;
			sourceTree = "<group>";
		};
		8CCAA3382D936C390050DD4A /* Resources */ = {
			isa = PBXGroup;
			children = (
				8CCAA37B2D936D4B0050DD4A /* AccessoryWindows_42.nib */,
				8CCAA37C2D936D4B0050DD4A /* InfoPlist.strings */,
				8CCAA37D2D936D4B0050DD4A /* Localizable.strings */,
				8CCAA37E2D936D4B0050DD4A /* MainMenu_42.nib */,
				8CCAA37F2D936D4B0050DD4A /* MainMenu_X2.nib */,
				8CCAA3802D936D4B0050DD4A /* SVRDocument_42.nib */,
			);
			path = Resources;
			sourceTree = "<group>";
		};
		8CCAA3392D936C410050DD4A /* Legacy */ = {
			isa = PBXGroup;
			children = (
				8CCAA38E2D936D7E0050DD4A /* Soulver.iconheader */,
				8CCAA3872D936D600050DD4A /* h.template */,
				8CCAA3882D936D600050DD4A /* Import Log.rtf */,
				8CCAA3892D936D600050DD4A /* m.template */,
				8CCAA38A2D936D600050DD4A /* Makefile */,
				8CCAA38B2D936D600050DD4A /* Makefile.postamble */,
				8CCAA38C2D936D600050DD4A /* Makefile.preamble */,
				8CCAA38D2D936D600050DD4A /* PB.project */,
				8CCAA38F2D936D890050DD4A /* .gdbinit */,
			);
			path = Legacy;
			sourceTree = "<group>";
		};
		8CD401FA2D6AFCAF00024E10 = {
			isa = PBXGroup;
			children = (
				8CD4020E2D6AFE1B00024E10 /* Classes */,
				8CCAA3352D936C210050DD4A /* Tests */,
				8CCAA3362D936C280050DD4A /* Other Sources */,
				8CCAA3372D936C2F0050DD4A /* Images */,
				8CCAA3382D936C390050DD4A /* Resources */,
				8CCAA3392D936C410050DD4A /* Legacy */,
				8CD402042D6AFCAF00024E10 /* Products */,
			);
			sourceTree = "<group>";
		};
		8CD402042D6AFCAF00024E10 /* Products */ = {
			isa = PBXGroup;
			children = (
				8CD402032D6AFCAF00024E10 /* Xcode14 */,
			);
			name = Products;
			sourceTree = "<group>";
		};
		8CD4020E2D6AFE1B00024E10 /* Classes */ = {
			isa = PBXGroup;
			children = (
				8CCAA33A2D936C920050DD4A /* NSUserDefaults+Soulver.h */,
				8CCAA33B2D936C920050DD4A /* NSUserDefaults+Soulver.m */,
				8CCAA33D2D936CA20050DD4A /* SVRAccessoryWindowsOwner.h */,
				8CCAA33E2D936CA20050DD4A /* SVRAccessoryWindowsOwner.m */,
				8CCAA33F2D936CA20050DD4A /* SVRAppDelegate.h */,
				8CCAA3402D936CA20050DD4A /* SVRAppDelegate.m */,
				8CCAA3412D936CA20050DD4A /* SVRDocument.h */,
				8CCAA3422D936CA20050DD4A /* SVRDocument.m */,
				8CCAA3432D936CA20050DD4A /* SVRDocumentModelController.h */,
				8CCAA3442D936CA20050DD4A /* SVRDocumentModelController.m */,
				8CCAA3452D936CA20050DD4A /* SVRDocumentViewController.h */,
				8CCAA3462D936CA20050DD4A /* SVRDocumentViewController.m */,
				8CCAA3472D936CA20050DD4A /* SVRSettingsViewController.h */,
				8CCAA3482D936CA20050DD4A /* SVRSettingsViewController.m */,
				8CCAA3492D936CA20050DD4A /* SVRSolver.h */,
				8CCAA34A2D936CA20050DD4A /* SVRSolver.m */,
				8CCAA34B2D936CA20050DD4A /* SVRSolverExpressionTagger.h */,
				8CCAA34C2D936CA20050DD4A /* SVRSolverExpressionTagger.m */,
				8CCAA34D2D936CA20050DD4A /* SVRSolverScanner.h */,
				8CCAA34E2D936CA20050DD4A /* SVRSolverScanner.m */,
				8CCAA34F2D936CA20050DD4A /* SVRSolverSolutionTagger.h */,
				8CCAA3502D936CA20050DD4A /* SVRSolverSolutionTagger.m */,
				8CCAA3512D936CA20050DD4A /* SVRSolverStyler.h */,
				8CCAA3522D936CA20050DD4A /* SVRSolverStyler.m */,
				8CCAA3532D936CA20050DD4A /* SVRSolverTextAttachment.h */,
				8CCAA3542D936CA20050DD4A /* SVRSolverTextAttachment.m */,
				8CCAA3612D936CB80050DD4A /* XPCrossPlatform.h */,
				8CCAA3622D936CB80050DD4A /* XPCrossPlatform.m */,
				8CCAA3632D936CB80050DD4A /* XPDocument.h */,
				8CCAA3642D936CB80050DD4A /* XPDocument.m */,
				8CCAA3652D936CB80050DD4A /* XPRegularExpression.h */,
				8CCAA3662D936CB80050DD4A /* XPRegularExpression.m */,
				8CCAA3772D936CF10050DD4A /* slre.h */,
				8CCAA3782D936CF10050DD4A /* slre.c */,
			);
			name = Classes;
			sourceTree = "<group>";
		};
/* End PBXGroup section */

/* Begin PBXNativeTarget section */
		8CD402022D6AFCAF00024E10 /* Xcode14 */ = {
			isa = PBXNativeTarget;
			buildConfigurationList = 8CD4020A2D6AFCAF00024E10 /* Build configuration list for PBXNativeTarget "Xcode14" */;
			buildPhases = (
				8CD401FF2D6AFCAF00024E10 /* Sources */,
				8CD402002D6AFCAF00024E10 /* Frameworks */,
				8CD402012D6AFCAF00024E10 /* CopyFiles */,
			);
			buildRules = (
			);
			dependencies = (
			);
			name = Xcode14;
			productName = Xcode14;
			productReference = 8CD402032D6AFCAF00024E10 /* Xcode14 */;
			productType = "com.apple.product-type.tool";
		};
/* End PBXNativeTarget section */

/* Begin PBXProject section */
		8CD401FB2D6AFCAF00024E10 /* Project object */ = {
			isa = PBXProject;
			attributes = {
				BuildIndependentTargetsInParallel = 1;
				LastUpgradeCheck = 1420;
				TargetAttributes = {
					8CD402022D6AFCAF00024E10 = {
						CreatedOnToolsVersion = 14.2;
					};
				};
			};
			buildConfigurationList = 8CD401FE2D6AFCAF00024E10 /* Build configuration list for PBXProject "Xcode14" */;
			compatibilityVersion = "Xcode 14.0";
			developmentRegion = en;
			hasScannedForEncodings = 0;
			knownRegions = (
				en,
				Base,
				English,
			);
			mainGroup = 8CD401FA2D6AFCAF00024E10;
			productRefGroup = 8CD402042D6AFCAF00024E10 /* Products */;
			projectDirPath = "";
			projectRoot = "";
			targets = (
				8CD402022D6AFCAF00024E10 /* Xcode14 */,
			);
		};
/* End PBXProject section */

/* Begin PBXSourcesBuildPhase section */
		8CD401FF2D6AFCAF00024E10 /* Sources */ = {
			isa = PBXSourcesBuildPhase;
			buildActionMask = 2147483647;
			files = (
				8CCAA33C2D936C920050DD4A /* NSUserDefaults+Soulver.m in Sources */,
				8CCAA3552D936CA20050DD4A /* SVRSolverScanner.m in Sources */,
				8CCAA3562D936CA20050DD4A /* SVRSolverSolutionTagger.m in Sources */,
				8CCAA3572D936CA20050DD4A /* SVRSolverStyler.m in Sources */,
				8CCAA3722D936CC80050DD4A /* TestsIntegration.m in Sources */,
				8CCAA3792D936CF10050DD4A /* slre.c in Sources */,
				8CCAA3732D936CC80050DD4A /* TestsUnit.m in Sources */,
				8CCAA3582D936CA20050DD4A /* SVRAppDelegate.m in Sources */,
				8CCAA3592D936CA20050DD4A /* SVRDocumentViewController.m in Sources */,
				8CCAA35A2D936CA20050DD4A /* SVRSolverExpressionTagger.m in Sources */,
				8CCAA35B2D936CA20050DD4A /* SVRDocumentModelController.m in Sources */,
				8CCAA3762D936CE60050DD4A /* Soulver_main.m in Sources */,
				8CCAA35C2D936CA20050DD4A /* SVRSettingsViewController.m in Sources */,
				8CCAA35D2D936CA20050DD4A /* SVRAccessoryWindowsOwner.m in Sources */,
				8CCAA35E2D936CA20050DD4A /* SVRDocument.m in Sources */,
				8CCAA3672D936CB80050DD4A /* XPCrossPlatform.m in Sources */,
				8CCAA3682D936CB80050DD4A /* XPDocument.m in Sources */,
				8CCAA3692D936CB80050DD4A /* XPRegularExpression.m in Sources */,
				8CCAA35F2D936CA20050DD4A /* SVRSolver.m in Sources */,
				8CCAA3602D936CA20050DD4A /* SVRSolverTextAttachment.m in Sources */,
			);
			runOnlyForDeploymentPostprocessing = 0;
		};
/* End PBXSourcesBuildPhase section */

/* Begin PBXVariantGroup section */
		8CCAA37B2D936D4B0050DD4A /* AccessoryWindows_42.nib */ = {
			isa = PBXVariantGroup;
			children = (
				8CCAA3852D936D4B0050DD4A /* English */,
			);
			name = AccessoryWindows_42.nib;
			sourceTree = "<group>";
		};
		8CCAA37C2D936D4B0050DD4A /* InfoPlist.strings */ = {
			isa = PBXVariantGroup;
			children = (
				8CCAA3832D936D4B0050DD4A /* English */,
			);
			name = InfoPlist.strings;
			sourceTree = "<group>";
		};
		8CCAA37D2D936D4B0050DD4A /* Localizable.strings */ = {
			isa = PBXVariantGroup;
			children = (
				8CCAA3812D936D4B0050DD4A /* English */,
			);
			name = Localizable.strings;
			sourceTree = "<group>";
		};
		8CCAA37E2D936D4B0050DD4A /* MainMenu_42.nib */ = {
			isa = PBXVariantGroup;
			children = (
				8CCAA3842D936D4B0050DD4A /* English */,
			);
			name = MainMenu_42.nib;
			sourceTree = "<group>";
		};
		8CCAA37F2D936D4B0050DD4A /* MainMenu_X2.nib */ = {
			isa = PBXVariantGroup;
			children = (
				8CCAA3862D936D4B0050DD4A /* English */,
			);
			name = MainMenu_X2.nib;
			sourceTree = "<group>";
		};
		8CCAA3802D936D4B0050DD4A /* SVRDocument_42.nib */ = {
			isa = PBXVariantGroup;
			children = (
				8CCAA3822D936D4B0050DD4A /* English */,
			);
			name = SVRDocument_42.nib;
			sourceTree = "<group>";
		};
/* End PBXVariantGroup section */

/* Begin XCBuildConfiguration section */
		8CD402082D6AFCAF00024E10 /* Debug */ = {
			isa = XCBuildConfiguration;
			buildSettings = {
				ALWAYS_SEARCH_USER_PATHS = NO;
				CLANG_ANALYZER_NONNULL = YES;
				CLANG_ANALYZER_NUMBER_OBJECT_CONVERSION = YES_AGGRESSIVE;
				CLANG_CXX_LANGUAGE_STANDARD = "gnu++20";
				CLANG_ENABLE_MODULES = YES;
				CLANG_ENABLE_OBJC_ARC = NO;
				CLANG_ENABLE_OBJC_WEAK = YES;
				CLANG_WARN_ASSIGN_ENUM = YES;
				CLANG_WARN_BLOCK_CAPTURE_AUTORELEASING = YES;
				CLANG_WARN_BOOL_CONVERSION = YES;
				CLANG_WARN_COMMA = YES;
				CLANG_WARN_COMPLETION_HANDLER_MISUSE = YES;
				CLANG_WARN_CONSTANT_CONVERSION = YES;
				CLANG_WARN_DEPRECATED_OBJC_IMPLEMENTATIONS = YES;
				CLANG_WARN_DIRECT_OBJC_ISA_USAGE = YES_ERROR;
				CLANG_WARN_DOCUMENTATION_COMMENTS = YES;
				CLANG_WARN_EMPTY_BODY = YES;
				CLANG_WARN_ENUM_CONVERSION = YES;
				CLANG_WARN_FLOAT_CONVERSION = YES;
				CLANG_WARN_IMPLICIT_FALLTHROUGH = YES;
				CLANG_WARN_IMPLICIT_SIGN_CONVERSION = YES;
				CLANG_WARN_INFINITE_RECURSION = YES;
				CLANG_WARN_INT_CONVERSION = YES;
				CLANG_WARN_NON_LITERAL_NULL_CONVERSION = YES;
				CLANG_WARN_OBJC_IMPLICIT_RETAIN_SELF = YES;
				CLANG_WARN_OBJC_LITERAL_CONVERSION = YES;
				CLANG_WARN_OBJC_ROOT_CLASS = YES_ERROR;
				CLANG_WARN_QUOTED_INCLUDE_IN_FRAMEWORK_HEADER = YES;
				CLANG_WARN_RANGE_LOOP_ANALYSIS = YES;
				CLANG_WARN_STRICT_PROTOTYPES = YES;
				CLANG_WARN_SUSPICIOUS_IMPLICIT_CONVERSION = YES;
				CLANG_WARN_SUSPICIOUS_MOVE = YES;
				CLANG_WARN_UNGUARDED_AVAILABILITY = YES_AGGRESSIVE;
				CLANG_WARN_UNREACHABLE_CODE = YES;
				CLANG_WARN__DUPLICATE_METHOD_MATCH = YES;
				COPY_PHASE_STRIP = NO;
				DEBUG_INFORMATION_FORMAT = dwarf;
				ENABLE_STRICT_OBJC_MSGSEND = YES;
				ENABLE_TESTABILITY = YES;
				GCC_C_LANGUAGE_STANDARD = gnu11;
				GCC_DYNAMIC_NO_PIC = NO;
				GCC_NO_COMMON_BLOCKS = YES;
				GCC_OPTIMIZATION_LEVEL = 0;
				GCC_PREPROCESSOR_DEFINITIONS = (
					"TESTING=1",
					"LOGLEVEL=3",
					"DEBUG=1",
					"$(inherited)",
				);
				GCC_TREAT_IMPLICIT_FUNCTION_DECLARATIONS_AS_ERRORS = YES;
				GCC_TREAT_INCOMPATIBLE_POINTER_TYPE_WARNINGS_AS_ERRORS = YES;
				GCC_WARN_64_TO_32_BIT_CONVERSION = YES;
				GCC_WARN_ABOUT_MISSING_FIELD_INITIALIZERS = YES;
				GCC_WARN_ABOUT_MISSING_NEWLINE = YES;
				GCC_WARN_ABOUT_MISSING_PROTOTYPES = YES;
				GCC_WARN_ABOUT_RETURN_TYPE = YES_ERROR;
				GCC_WARN_FOUR_CHARACTER_CONSTANTS = YES;
				GCC_WARN_INITIALIZER_NOT_FULLY_BRACKETED = YES;
				GCC_WARN_SHADOW = YES;
				GCC_WARN_UNDECLARED_SELECTOR = YES;
				GCC_WARN_UNINITIALIZED_AUTOS = YES_AGGRESSIVE;
				GCC_WARN_UNKNOWN_PRAGMAS = YES;
				GCC_WARN_UNUSED_FUNCTION = YES;
				GCC_WARN_UNUSED_LABEL = YES;
				GCC_WARN_UNUSED_PARAMETER = YES;
				GCC_WARN_UNUSED_VARIABLE = YES;
				MACOSX_DEPLOYMENT_TARGET = 12.7;
				MTL_ENABLE_DEBUG_INFO = INCLUDE_SOURCE;
				MTL_FAST_MATH = YES;
				ONLY_ACTIVE_ARCH = YES;
				OTHER_CFLAGS = "-Wall";
				SDKROOT = macosx;
			};
			name = Debug;
		};
		8CD402092D6AFCAF00024E10 /* Release */ = {
			isa = XCBuildConfiguration;
			buildSettings = {
				ALWAYS_SEARCH_USER_PATHS = NO;
				CLANG_ANALYZER_NONNULL = YES;
				CLANG_ANALYZER_NUMBER_OBJECT_CONVERSION = YES_AGGRESSIVE;
				CLANG_CXX_LANGUAGE_STANDARD = "gnu++20";
				CLANG_ENABLE_MODULES = YES;
				CLANG_ENABLE_OBJC_ARC = NO;
				CLANG_ENABLE_OBJC_WEAK = YES;
				CLANG_WARN_ASSIGN_ENUM = YES;
				CLANG_WARN_BLOCK_CAPTURE_AUTORELEASING = YES;
				CLANG_WARN_BOOL_CONVERSION = YES;
				CLANG_WARN_COMMA = YES;
				CLANG_WARN_COMPLETION_HANDLER_MISUSE = YES;
				CLANG_WARN_CONSTANT_CONVERSION = YES;
				CLANG_WARN_DEPRECATED_OBJC_IMPLEMENTATIONS = YES;
				CLANG_WARN_DIRECT_OBJC_ISA_USAGE = YES_ERROR;
				CLANG_WARN_DOCUMENTATION_COMMENTS = YES;
				CLANG_WARN_EMPTY_BODY = YES;
				CLANG_WARN_ENUM_CONVERSION = YES;
				CLANG_WARN_FLOAT_CONVERSION = YES;
				CLANG_WARN_IMPLICIT_FALLTHROUGH = YES;
				CLANG_WARN_IMPLICIT_SIGN_CONVERSION = YES;
				CLANG_WARN_INFINITE_RECURSION = YES;
				CLANG_WARN_INT_CONVERSION = YES;
				CLANG_WARN_NON_LITERAL_NULL_CONVERSION = YES;
				CLANG_WARN_OBJC_IMPLICIT_RETAIN_SELF = YES;
				CLANG_WARN_OBJC_LITERAL_CONVERSION = YES;
				CLANG_WARN_OBJC_ROOT_CLASS = YES_ERROR;
				CLANG_WARN_QUOTED_INCLUDE_IN_FRAMEWORK_HEADER = YES;
				CLANG_WARN_RANGE_LOOP_ANALYSIS = YES;
				CLANG_WARN_STRICT_PROTOTYPES = YES;
				CLANG_WARN_SUSPICIOUS_IMPLICIT_CONVERSION = YES;
				CLANG_WARN_SUSPICIOUS_MOVE = YES;
				CLANG_WARN_UNGUARDED_AVAILABILITY = YES_AGGRESSIVE;
				CLANG_WARN_UNREACHABLE_CODE = YES;
				CLANG_WARN__DUPLICATE_METHOD_MATCH = YES;
				COPY_PHASE_STRIP = NO;
				DEBUG_INFORMATION_FORMAT = "dwarf-with-dsym";
				ENABLE_NS_ASSERTIONS = NO;
				ENABLE_STRICT_OBJC_MSGSEND = YES;
				GCC_C_LANGUAGE_STANDARD = gnu11;
				GCC_NO_COMMON_BLOCKS = YES;
				GCC_TREAT_IMPLICIT_FUNCTION_DECLARATIONS_AS_ERRORS = YES;
				GCC_TREAT_INCOMPATIBLE_POINTER_TYPE_WARNINGS_AS_ERRORS = YES;
				GCC_WARN_64_TO_32_BIT_CONVERSION = YES;
				GCC_WARN_ABOUT_MISSING_FIELD_INITIALIZERS = YES;
				GCC_WARN_ABOUT_MISSING_NEWLINE = YES;
				GCC_WARN_ABOUT_MISSING_PROTOTYPES = YES;
				GCC_WARN_ABOUT_RETURN_TYPE = YES_ERROR;
				GCC_WARN_FOUR_CHARACTER_CONSTANTS = YES;
				GCC_WARN_INITIALIZER_NOT_FULLY_BRACKETED = YES;
				GCC_WARN_SHADOW = YES;
				GCC_WARN_UNDECLARED_SELECTOR = YES;
				GCC_WARN_UNINITIALIZED_AUTOS = YES_AGGRESSIVE;
				GCC_WARN_UNKNOWN_PRAGMAS = YES;
				GCC_WARN_UNUSED_FUNCTION = YES;
				GCC_WARN_UNUSED_LABEL = YES;
				GCC_WARN_UNUSED_PARAMETER = YES;
				GCC_WARN_UNUSED_VARIABLE = YES;
				MACOSX_DEPLOYMENT_TARGET = 12.7;
				MTL_ENABLE_DEBUG_INFO = NO;
				MTL_FAST_MATH = YES;
				OTHER_CFLAGS = "-Wall";
				SDKROOT = macosx;
			};
			name = Release;
		};
		8CD4020B2D6AFCAF00024E10 /* Debug */ = {
			isa = XCBuildConfiguration;
			buildSettings = {
				CODE_SIGN_STYLE = Automatic;
				PRODUCT_NAME = "$(TARGET_NAME)";
			};
			name = Debug;
		};
		8CD4020C2D6AFCAF00024E10 /* Release */ = {
			isa = XCBuildConfiguration;
			buildSettings = {
				CODE_SIGN_STYLE = Automatic;
				PRODUCT_NAME = "$(TARGET_NAME)";
			};
			name = Release;
		};
/* End XCBuildConfiguration section */

/* Begin XCConfigurationList section */
		8CD401FE2D6AFCAF00024E10 /* Build configuration list for PBXProject "Xcode14" */ = {
			isa = XCConfigurationList;
			buildConfigurations = (
				8CD402082D6AFCAF00024E10 /* Debug */,
				8CD402092D6AFCAF00024E10 /* Release */,
			);
			defaultConfigurationIsVisible = 0;
			defaultConfigurationName = Release;
		};
		8CD4020A2D6AFCAF00024E10 /* Build configuration list for PBXNativeTarget "Xcode14" */ = {
			isa = XCConfigurationList;
			buildConfigurations = (
				8CD4020B2D6AFCAF00024E10 /* Debug */,
				8CD4020C2D6AFCAF00024E10 /* Release */,
			);
			defaultConfigurationIsVisible = 0;
			defaultConfigurationName = Release;
		};
/* End XCConfigurationList section */
	};
	rootObject = 8CD401FB2D6AFCAF00024E10 /* Project object */;
}
