// !$*UTF8*$!
{
	archiveVersion = 1;
	classes = {
	};
	objectVersion = 38;
	objects = {
		8CD976D92D8D2DDA00A80066 = {
			children = (
				8CD976E62D8D2DDA00A80066,
				8CD9770B2D8D2DDA00A80066,
				8CD977322D8D2DDA00A80066,
				8CD977372D8D2DDA00A80066,
				8CD977402D8D2DDA00A80066,
				8CD977432D8D2DDA00A80066,
				8CD9774E2D8D2DDB00A80066,
				8CD977552D8D2DDB00A80066,
				8CD9775A2D8D2DDB00A80066,
				8CD976E42D8D2DDA00A80066,
			);
			isa = PBXGroup;
			name = Soulver;
			refType = 4;
		};
		8CD976DB2D8D2DDA00A80066 = {
			buildRules = (
			);
			buildSettings = {
				COPY_PHASE_STRIP = NO;
			};
			isa = PBXBuildStyle;
			name = Development;
		};
		8CD976DC2D8D2DDA00A80066 = {
			buildRules = (
			);
			buildSettings = {
				COPY_PHASE_STRIP = YES;
			};
			isa = PBXBuildStyle;
			name = Deployment;
		};
		8CD976DD2D8D2DDA00A80066 = {
			buildActionMask = 2147483647;
			files = (
				8CD9770D2D8D2DDA00A80066,
				8CD9770F2D8D2DDA00A80066,
				8CD977112D8D2DDA00A80066,
				8CD977132D8D2DDA00A80066,
				8CD977152D8D2DDA00A80066,
				8CD977172D8D2DDA00A80066,
				8CD977192D8D2DDA00A80066,
				8CD9771B2D8D2DDA00A80066,
				8CD9771D2D8D2DDA00A80066,
				8CD9771F2D8D2DDA00A80066,
				8CD977212D8D2DDA00A80066,
				8CD977232D8D2DDA00A80066,
				8CD977252D8D2DDA00A80066,
				8CD977272D8D2DDA00A80066,
				8CD977292D8D2DDA00A80066,
				8CD9772B2D8D2DDA00A80066,
				8CD9772D2D8D2DDA00A80066,
				8CD9772F2D8D2DDA00A80066,
				8CD977312D8D2DDA00A80066,
			);
			isa = PBXHeadersBuildPhase;
			runOnlyForDeploymentPostprocessing = 0;
		};
		8CD976DE2D8D2DDA00A80066 = {
			buildActionMask = 2147483647;
			files = (
				8CD977392D8D2DDA00A80066,
				8CD9773B2D8D2DDA00A80066,
				8CD9773D2D8D2DDA00A80066,
				8CD9773F2D8D2DDA00A80066,
				8CD977422D8D2DDA00A80066,
				8CD977452D8D2DDA00A80066,
				8CD977472D8D2DDA00A80066,
				8CD977492D8D2DDA00A80066,
				8CD9774B2D8D2DDB00A80066,
				8CD9774D2D8D2DDB00A80066,
			);
			isa = PBXResourcesBuildPhase;
			runOnlyForDeploymentPostprocessing = 0;
		};
		8CD976DF2D8D2DDA00A80066 = {
			buildActionMask = 2147483647;
			files = (
				8CD976E82D8D2DDA00A80066,
				8CD976EA2D8D2DDA00A80066,
				8CD976EC2D8D2DDA00A80066,
				8CD976EE2D8D2DDA00A80066,
				8CD976F02D8D2DDA00A80066,
				8CD976F22D8D2DDA00A80066,
				8CD976F42D8D2DDA00A80066,
				8CD976F62D8D2DDA00A80066,
				8CD976F82D8D2DDA00A80066,
				8CD976FA2D8D2DDA00A80066,
				8CD976FC2D8D2DDA00A80066,
				8CD976FE2D8D2DDA00A80066,
				8CD977002D8D2DDA00A80066,
				8CD977022D8D2DDA00A80066,
				8CD977042D8D2DDA00A80066,
				8CD977062D8D2DDA00A80066,
				8CD977082D8D2DDA00A80066,
				8CD9770A2D8D2DDA00A80066,
				8CD977342D8D2DDA00A80066,
				8CD977362D8D2DDA00A80066,
			);
			isa = PBXSourcesBuildPhase;
			runOnlyForDeploymentPostprocessing = 0;
		};
		8CD976E02D8D2DDA00A80066 = {
			buildActionMask = 2147483647;
			files = (
				8CD977572D8D2DDB00A80066,
				8CD977592D8D2DDB00A80066,
			);
			isa = PBXFrameworksBuildPhase;
			runOnlyForDeploymentPostprocessing = 0;
		};
		8CD976E12D8D2DDA00A80066 = {
			buildActionMask = 2147483647;
			files = (
			);
			isa = PBXRezBuildPhase;
			runOnlyForDeploymentPostprocessing = 0;
		};
		8CD976E22D8D2DDA00A80066 = {
			buildPhases = (
				8CD976DD2D8D2DDA00A80066,
				8CD976DE2D8D2DDA00A80066,
				8CD976DF2D8D2DDA00A80066,
				8CD976E02D8D2DDA00A80066,
				8CD976E12D8D2DDA00A80066,
			);
			buildSettings = {
				GCC_VERSION = 2.x;
				INSTALL_PATH = "$(HOME)/Apps";
				OPTIMIZATION_CFLAGS = "-O0";
				OTHER_CFLAGS = "";
				OTHER_LDFLAGS = "";
				OTHER_REZFLAGS = "";
				PRODUCT_NAME = Soulver;
				SECTORDER_FLAGS = "";
				WARNING_CFLAGS = "-Wmost -Wno-four-char-constants -Wno-unknown-pragmas";
				WRAPPER_EXTENSION = app;
			};
			dependencies = (
			);
			isa = PBXApplicationTarget;
			name = "Soulver (Application)";
			productInstallPath = "$(HOME)/Apps";
			productName = "Soulver (Application)";
			productReference = 8CD976E32D8D2DDA00A80066;
			productSettingsXML = "<?xml version=\"1.0\" encoding=\"UTF-8\"?>
<!DOCTYPE plist PUBLIC \"-//Apple Computer//DTD PLIST 1.0//EN\" \"http://www.apple.com/DTDs/PropertyList-1.0.dtd\">
<plist version=\"1.0\">
<dict>
	<key>CFBundleDevelopmentRegion</key>
	<string>English</string>
	<key>CFBundleExecutable</key>
	<string>Soulver</string>
	<key>CFBundleGetInfoString</key>
	<string></string>
	<key>CFBundleIconFile</key>
	<string></string>
	<key>CFBundleIdentifier</key>
	<string></string>
	<key>CFBundleInfoDictionaryVersion</key>
	<string>6.0</string>
	<key>CFBundleName</key>
	<string>[Not]Soulver</string>
	<key>CFBundlePackageType</key>
	<string>APPL</string>
	<key>CFBundleShortVersionString</key>
	<string></string>
	<key>CFBundleSignature</key>
	<string>????</string>
	<key>CFBundleVersion</key>
	<string>0.0.1d1</string>
	<key>NSExtensions</key>
	<dict>
		<key>nsv</key>
		<dict>
			<key>NSIcon</key>
			<string></string>
		</dict>
	</dict>
	<key>NSMainNibFile</key>
	<string>MACOSX_Soulver.nib</string>
	<key>NSPrincipalClass</key>
	<string>NSApplication</string>
</dict>
</plist>
";
		};
		8CD976E32D8D2DDA00A80066 = {
			isa = PBXApplicationReference;
			path = Soulver.app;
			refType = 3;
		};
		8CD976E42D8D2DDA00A80066 = {
			children = (
				8CD976E32D8D2DDA00A80066,
			);
			isa = PBXGroup;
			name = Products;
			refType = 4;
		};
		8CD976E62D8D2DDA00A80066 = {
			children = (
				8CD976E72D8D2DDA00A80066,
				8CD976E92D8D2DDA00A80066,
				8CD976EB2D8D2DDA00A80066,
				8CD976ED2D8D2DDA00A80066,
				8CD976EF2D8D2DDA00A80066,
				8CD976F12D8D2DDA00A80066,
				8CD976F32D8D2DDA00A80066,
				8CD976F52D8D2DDA00A80066,
				8CD976F72D8D2DDA00A80066,
				8CD976F92D8D2DDA00A80066,
				8CD976FB2D8D2DDA00A80066,
				8CD976FD2D8D2DDA00A80066,
				8CD976FF2D8D2DDA00A80066,
				8CD977012D8D2DDA00A80066,
				8CD977032D8D2DDA00A80066,
				8CD977052D8D2DDA00A80066,
				8CD977072D8D2DDA00A80066,
				8CD977092D8D2DDA00A80066,
			);
			isa = PBXGroup;
			name = Classes;
			refType = 4;
		};
		8CD976E72D8D2DDA00A80066 = {
			fileEncoding = 2;
			isa = PBXFileReference;
			path = "NSUserDefaults+Soulver.m";
			refType = 4;
		};
		8CD976E82D8D2DDA00A80066 = {
			fileRef = 8CD976E72D8D2DDA00A80066;
			isa = PBXBuildFile;
			settings = {
				ATTRIBUTES = (
				);
			};
		};
		8CD976E92D8D2DDA00A80066 = {
			fileEncoding = 2;
			isa = PBXFileReference;
			path = SVRAppDelegate.m;
			refType = 4;
		};
		8CD976EA2D8D2DDA00A80066 = {
			fileRef = 8CD976E92D8D2DDA00A80066;
			isa = PBXBuildFile;
			settings = {
				ATTRIBUTES = (
				);
			};
		};
		8CD976EB2D8D2DDA00A80066 = {
			fileEncoding = 2;
			isa = PBXFileReference;
			path = SVRAccessoryWindowsOwner.m;
			refType = 4;
		};
		8CD976EC2D8D2DDA00A80066 = {
			fileRef = 8CD976EB2D8D2DDA00A80066;
			isa = PBXBuildFile;
			settings = {
				ATTRIBUTES = (
				);
			};
		};
		8CD976ED2D8D2DDA00A80066 = {
			fileEncoding = 2;
			isa = PBXFileReference;
			path = SVRDocument.m;
			refType = 4;
		};
		8CD976EE2D8D2DDA00A80066 = {
			fileRef = 8CD976ED2D8D2DDA00A80066;
			isa = PBXBuildFile;
			settings = {
				ATTRIBUTES = (
				);
			};
		};
		8CD976EF2D8D2DDA00A80066 = {
			fileEncoding = 2;
			isa = PBXFileReference;
			path = SVRDocumentModelController.m;
			refType = 4;
		};
		8CD976F02D8D2DDA00A80066 = {
			fileRef = 8CD976EF2D8D2DDA00A80066;
			isa = PBXBuildFile;
			settings = {
				ATTRIBUTES = (
				);
			};
		};
		8CD976F12D8D2DDA00A80066 = {
			fileEncoding = 2;
			isa = PBXFileReference;
			path = SVRDocumentViewController.m;
			refType = 4;
		};
		8CD976F22D8D2DDA00A80066 = {
			fileRef = 8CD976F12D8D2DDA00A80066;
			isa = PBXBuildFile;
			settings = {
				ATTRIBUTES = (
				);
			};
		};
		8CD976F32D8D2DDA00A80066 = {
			fileEncoding = 2;
			isa = PBXFileReference;
			path = SVRSettingsViewController.m;
			refType = 4;
		};
		8CD976F42D8D2DDA00A80066 = {
			fileRef = 8CD976F32D8D2DDA00A80066;
			isa = PBXBuildFile;
			settings = {
				ATTRIBUTES = (
				);
			};
		};
		8CD976F52D8D2DDA00A80066 = {
			fileEncoding = 2;
			isa = PBXFileReference;
			path = SVRSolver.m;
			refType = 4;
		};
		8CD976F62D8D2DDA00A80066 = {
			fileRef = 8CD976F52D8D2DDA00A80066;
			isa = PBXBuildFile;
			settings = {
				ATTRIBUTES = (
				);
			};
		};
		8CD976F72D8D2DDA00A80066 = {
			fileEncoding = 2;
			isa = PBXFileReference;
			path = SVRSolverExpressionTagger.m;
			refType = 4;
		};
		8CD976F82D8D2DDA00A80066 = {
			fileRef = 8CD976F72D8D2DDA00A80066;
			isa = PBXBuildFile;
			settings = {
				ATTRIBUTES = (
				);
			};
		};
		8CD976F92D8D2DDA00A80066 = {
			fileEncoding = 2;
			isa = PBXFileReference;
			path = SVRSolverScanner.m;
			refType = 4;
		};
		8CD976FA2D8D2DDA00A80066 = {
			fileRef = 8CD976F92D8D2DDA00A80066;
			isa = PBXBuildFile;
			settings = {
				ATTRIBUTES = (
				);
			};
		};
		8CD976FB2D8D2DDA00A80066 = {
			fileEncoding = 2;
			isa = PBXFileReference;
			path = SVRSolverSolutionTagger.m;
			refType = 4;
		};
		8CD976FC2D8D2DDA00A80066 = {
			fileRef = 8CD976FB2D8D2DDA00A80066;
			isa = PBXBuildFile;
			settings = {
				ATTRIBUTES = (
				);
			};
		};
		8CD976FD2D8D2DDA00A80066 = {
			fileEncoding = 2;
			isa = PBXFileReference;
			path = SVRSolverStyler.m;
			refType = 4;
		};
		8CD976FE2D8D2DDA00A80066 = {
			fileRef = 8CD976FD2D8D2DDA00A80066;
			isa = PBXBuildFile;
			settings = {
				ATTRIBUTES = (
				);
			};
		};
		8CD976FF2D8D2DDA00A80066 = {
			fileEncoding = 2;
			isa = PBXFileReference;
			path = SVRSolverTextAttachment.m;
			refType = 4;
		};
		8CD977002D8D2DDA00A80066 = {
			fileRef = 8CD976FF2D8D2DDA00A80066;
			isa = PBXBuildFile;
			settings = {
				ATTRIBUTES = (
				);
			};
		};
		8CD977012D8D2DDA00A80066 = {
			fileEncoding = 2;
			isa = PBXFileReference;
			path = TestsIntegration.m;
			refType = 4;
		};
		8CD977022D8D2DDA00A80066 = {
			fileRef = 8CD977012D8D2DDA00A80066;
			isa = PBXBuildFile;
			settings = {
				ATTRIBUTES = (
				);
			};
		};
		8CD977032D8D2DDA00A80066 = {
			fileEncoding = 2;
			isa = PBXFileReference;
			path = TestsUnit.m;
			refType = 4;
		};
		8CD977042D8D2DDA00A80066 = {
			fileRef = 8CD977032D8D2DDA00A80066;
			isa = PBXBuildFile;
			settings = {
				ATTRIBUTES = (
				);
			};
		};
		8CD977052D8D2DDA00A80066 = {
			fileEncoding = 2;
			isa = PBXFileReference;
			path = XPCrossPlatform.m;
			refType = 4;
		};
		8CD977062D8D2DDA00A80066 = {
			fileRef = 8CD977052D8D2DDA00A80066;
			isa = PBXBuildFile;
			settings = {
				ATTRIBUTES = (
				);
			};
		};
		8CD977072D8D2DDA00A80066 = {
			fileEncoding = 2;
			isa = PBXFileReference;
			path = XPDocument.m;
			refType = 4;
		};
		8CD977082D8D2DDA00A80066 = {
			fileRef = 8CD977072D8D2DDA00A80066;
			isa = PBXBuildFile;
			settings = {
				ATTRIBUTES = (
				);
			};
		};
		8CD977092D8D2DDA00A80066 = {
			fileEncoding = 2;
			isa = PBXFileReference;
			path = XPRegularExpression.m;
			refType = 4;
		};
		8CD9770A2D8D2DDA00A80066 = {
			fileRef = 8CD977092D8D2DDA00A80066;
			isa = PBXBuildFile;
			settings = {
				ATTRIBUTES = (
				);
			};
		};
		8CD9770B2D8D2DDA00A80066 = {
			children = (
				8CD9770C2D8D2DDA00A80066,
				8CD9770E2D8D2DDA00A80066,
				8CD977102D8D2DDA00A80066,
				8CD977122D8D2DDA00A80066,
				8CD977142D8D2DDA00A80066,
				8CD977162D8D2DDA00A80066,
				8CD977182D8D2DDA00A80066,
				8CD9771A2D8D2DDA00A80066,
				8CD9771C2D8D2DDA00A80066,
				8CD9771E2D8D2DDA00A80066,
				8CD977202D8D2DDA00A80066,
				8CD977222D8D2DDA00A80066,
				8CD977242D8D2DDA00A80066,
				8CD977262D8D2DDA00A80066,
				8CD977282D8D2DDA00A80066,
				8CD9772A2D8D2DDA00A80066,
				8CD9772C2D8D2DDA00A80066,
				8CD9772E2D8D2DDA00A80066,
				8CD977302D8D2DDA00A80066,
			);
			isa = PBXGroup;
			name = Headers;
			refType = 4;
		};
		8CD9770C2D8D2DDA00A80066 = {
			fileEncoding = 2;
			isa = PBXFileReference;
			path = slre.h;
			refType = 4;
		};
		8CD9770D2D8D2DDA00A80066 = {
			fileRef = 8CD9770C2D8D2DDA00A80066;
			isa = PBXBuildFile;
			settings = {
			};
		};
		8CD9770E2D8D2DDA00A80066 = {
			fileEncoding = 2;
			isa = PBXFileReference;
			path = "NSUserDefaults+Soulver.h";
			refType = 4;
		};
		8CD9770F2D8D2DDA00A80066 = {
			fileRef = 8CD9770E2D8D2DDA00A80066;
			isa = PBXBuildFile;
			settings = {
			};
		};
		8CD977102D8D2DDA00A80066 = {
			fileEncoding = 2;
			isa = PBXFileReference;
			path = SVRAppDelegate.h;
			refType = 4;
		};
		8CD977112D8D2DDA00A80066 = {
			fileRef = 8CD977102D8D2DDA00A80066;
			isa = PBXBuildFile;
			settings = {
			};
		};
		8CD977122D8D2DDA00A80066 = {
			fileEncoding = 2;
			isa = PBXFileReference;
			path = SVRDocument.h;
			refType = 4;
		};
		8CD977132D8D2DDA00A80066 = {
			fileRef = 8CD977122D8D2DDA00A80066;
			isa = PBXBuildFile;
			settings = {
			};
		};
		8CD977142D8D2DDA00A80066 = {
			fileEncoding = 2;
			isa = PBXFileReference;
			path = SVRAccessoryWindowsOwner.h;
			refType = 4;
		};
		8CD977152D8D2DDA00A80066 = {
			fileRef = 8CD977142D8D2DDA00A80066;
			isa = PBXBuildFile;
			settings = {
			};
		};
		8CD977162D8D2DDA00A80066 = {
			fileEncoding = 2;
			isa = PBXFileReference;
			path = SVRDocumentModelController.h;
			refType = 4;
		};
		8CD977172D8D2DDA00A80066 = {
			fileRef = 8CD977162D8D2DDA00A80066;
			isa = PBXBuildFile;
			settings = {
			};
		};
		8CD977182D8D2DDA00A80066 = {
			fileEncoding = 2;
			isa = PBXFileReference;
			path = SVRDocumentViewController.h;
			refType = 4;
		};
		8CD977192D8D2DDA00A80066 = {
			fileRef = 8CD977182D8D2DDA00A80066;
			isa = PBXBuildFile;
			settings = {
			};
		};
		8CD9771A2D8D2DDA00A80066 = {
			fileEncoding = 2;
			isa = PBXFileReference;
			path = SVRSettingsViewController.h;
			refType = 4;
		};
		8CD9771B2D8D2DDA00A80066 = {
			fileRef = 8CD9771A2D8D2DDA00A80066;
			isa = PBXBuildFile;
			settings = {
			};
		};
		8CD9771C2D8D2DDA00A80066 = {
			fileEncoding = 2;
			isa = PBXFileReference;
			path = SVRSolver.h;
			refType = 4;
		};
		8CD9771D2D8D2DDA00A80066 = {
			fileRef = 8CD9771C2D8D2DDA00A80066;
			isa = PBXBuildFile;
			settings = {
			};
		};
		8CD9771E2D8D2DDA00A80066 = {
			fileEncoding = 2;
			isa = PBXFileReference;
			path = SVRSolverExpressionTagger.h;
			refType = 4;
		};
		8CD9771F2D8D2DDA00A80066 = {
			fileRef = 8CD9771E2D8D2DDA00A80066;
			isa = PBXBuildFile;
			settings = {
			};
		};
		8CD977202D8D2DDA00A80066 = {
			fileEncoding = 2;
			isa = PBXFileReference;
			path = SVRSolverScanner.h;
			refType = 4;
		};
		8CD977212D8D2DDA00A80066 = {
			fileRef = 8CD977202D8D2DDA00A80066;
			isa = PBXBuildFile;
			settings = {
			};
		};
		8CD977222D8D2DDA00A80066 = {
			fileEncoding = 2;
			isa = PBXFileReference;
			path = SVRSolverSolutionTagger.h;
			refType = 4;
		};
		8CD977232D8D2DDA00A80066 = {
			fileRef = 8CD977222D8D2DDA00A80066;
			isa = PBXBuildFile;
			settings = {
			};
		};
		8CD977242D8D2DDA00A80066 = {
			fileEncoding = 2;
			isa = PBXFileReference;
			path = SVRSolverStyler.h;
			refType = 4;
		};
		8CD977252D8D2DDA00A80066 = {
			fileRef = 8CD977242D8D2DDA00A80066;
			isa = PBXBuildFile;
			settings = {
			};
		};
		8CD977262D8D2DDA00A80066 = {
			fileEncoding = 2;
			isa = PBXFileReference;
			path = SVRSolverTextAttachment.h;
			refType = 4;
		};
		8CD977272D8D2DDA00A80066 = {
			fileRef = 8CD977262D8D2DDA00A80066;
			isa = PBXBuildFile;
			settings = {
			};
		};
		8CD977282D8D2DDA00A80066 = {
			fileEncoding = 2;
			isa = PBXFileReference;
			path = TestsIntegration.h;
			refType = 4;
		};
		8CD977292D8D2DDA00A80066 = {
			fileRef = 8CD977282D8D2DDA00A80066;
			isa = PBXBuildFile;
			settings = {
			};
		};
		8CD9772A2D8D2DDA00A80066 = {
			fileEncoding = 2;
			isa = PBXFileReference;
			path = TestsUnit.h;
			refType = 4;
		};
		8CD9772B2D8D2DDA00A80066 = {
			fileRef = 8CD9772A2D8D2DDA00A80066;
			isa = PBXBuildFile;
			settings = {
			};
		};
		8CD9772C2D8D2DDA00A80066 = {
			fileEncoding = 2;
			isa = PBXFileReference;
			path = XPCrossPlatform.h;
			refType = 4;
		};
		8CD9772D2D8D2DDA00A80066 = {
			fileRef = 8CD9772C2D8D2DDA00A80066;
			isa = PBXBuildFile;
			settings = {
			};
		};
		8CD9772E2D8D2DDA00A80066 = {
			fileEncoding = 2;
			isa = PBXFileReference;
			path = XPDocument.h;
			refType = 4;
		};
		8CD9772F2D8D2DDA00A80066 = {
			fileRef = 8CD9772E2D8D2DDA00A80066;
			isa = PBXBuildFile;
			settings = {
			};
		};
		8CD977302D8D2DDA00A80066 = {
			fileEncoding = 2;
			isa = PBXFileReference;
			path = XPRegularExpression.h;
			refType = 4;
		};
		8CD977312D8D2DDA00A80066 = {
			fileRef = 8CD977302D8D2DDA00A80066;
			isa = PBXBuildFile;
			settings = {
			};
		};
		8CD977322D8D2DDA00A80066 = {
			children = (
				8CD977332D8D2DDA00A80066,
				8CD977352D8D2DDA00A80066,
			);
			isa = PBXGroup;
			name = "Other Sources";
			refType = 4;
		};
		8CD977332D8D2DDA00A80066 = {
			fileEncoding = 2;
			isa = PBXFileReference;
			path = slre.c;
			refType = 4;
		};
		8CD977342D8D2DDA00A80066 = {
			fileRef = 8CD977332D8D2DDA00A80066;
			isa = PBXBuildFile;
			settings = {
				ATTRIBUTES = (
				);
			};
		};
		8CD977352D8D2DDA00A80066 = {
			fileEncoding = 2;
			isa = PBXFileReference;
			path = Soulver_main.m;
			refType = 4;
		};
		8CD977362D8D2DDA00A80066 = {
			fileRef = 8CD977352D8D2DDA00A80066;
			isa = PBXBuildFile;
			settings = {
				ATTRIBUTES = (
				);
			};
		};
		8CD977372D8D2DDA00A80066 = {
			children = (
				8CD977382D8D2DDA00A80066,
				8CD9773A2D8D2DDA00A80066,
				8CD9773C2D8D2DDA00A80066,
				8CD9773E2D8D2DDA00A80066,
			);
			isa = PBXGroup;
			name = Interfaces;
			refType = 4;
		};
		8CD977382D8D2DDA00A80066 = {
			isa = PBXFileReference;
			name = NEXTSTEP_SVRDocument.nib;
			path = English.lproj/NEXTSTEP_SVRDocument.nib;
			refType = 2;
		};
		8CD977392D8D2DDA00A80066 = {
			fileRef = 8CD977382D8D2DDA00A80066;
			isa = PBXBuildFile;
			settings = {
			};
		};
		8CD9773A2D8D2DDA00A80066 = {
			isa = PBXFileReference;
			name = NEXTSTEP_AccessoryWindows.nib;
			path = English.lproj/NEXTSTEP_AccessoryWindows.nib;
			refType = 2;
		};
		8CD9773B2D8D2DDA00A80066 = {
			fileRef = 8CD9773A2D8D2DDA00A80066;
			isa = PBXBuildFile;
			settings = {
			};
		};
		8CD9773C2D8D2DDA00A80066 = {
			isa = PBXFileReference;
			name = MACOSX_Soulver.nib;
			path = English.lproj/MACOSX_Soulver.nib;
			refType = 2;
		};
		8CD9773D2D8D2DDA00A80066 = {
			fileRef = 8CD9773C2D8D2DDA00A80066;
			isa = PBXBuildFile;
			settings = {
			};
		};
		8CD9773E2D8D2DDA00A80066 = {
			isa = PBXFileReference;
			name = NEXTSTEP_Soulver.nib;
			path = English.lproj/NEXTSTEP_Soulver.nib;
			refType = 2;
		};
		8CD9773F2D8D2DDA00A80066 = {
			fileRef = 8CD9773E2D8D2DDA00A80066;
			isa = PBXBuildFile;
			settings = {
			};
		};
		8CD977402D8D2DDA00A80066 = {
			children = (
				8CD977412D8D2DDA00A80066,
			);
			isa = PBXGroup;
			name = Images;
			refType = 4;
		};
		8CD977412D8D2DDA00A80066 = {
			isa = PBXFileReference;
			path = "about-image-512.tiff";
			refType = 4;
		};
		8CD977422D8D2DDA00A80066 = {
			fileRef = 8CD977412D8D2DDA00A80066;
			isa = PBXBuildFile;
			settings = {
			};
		};
		8CD977432D8D2DDA00A80066 = {
			children = (
				8CD977442D8D2DDA00A80066,
				8CD977462D8D2DDA00A80066,
				8CD977482D8D2DDA00A80066,
				8CD9774A2D8D2DDB00A80066,
				8CD9774C2D8D2DDB00A80066,
			);
			isa = PBXGroup;
			name = Resources;
			refType = 4;
		};
		8CD977442D8D2DDA00A80066 = {
			isa = PBXFileReference;
			path = "TestsIntegration-SolvedRep.rtf";
			refType = 4;
		};
		8CD977452D8D2DDA00A80066 = {
			fileRef = 8CD977442D8D2DDA00A80066;
			isa = PBXBuildFile;
			settings = {
			};
		};
		8CD977462D8D2DDA00A80066 = {
			fileEncoding = 2;
			isa = PBXFileReference;
			name = Localizable.strings;
			path = English.lproj/Localizable.strings;
			refType = 2;
		};
		8CD977472D8D2DDA00A80066 = {
			fileRef = 8CD977462D8D2DDA00A80066;
			isa = PBXBuildFile;
			settings = {
			};
		};
		8CD977482D8D2DDA00A80066 = {
			fileEncoding = 2;
			isa = PBXFileReference;
			path = "TestsIntegration-DiskRep.txt";
			refType = 4;
		};
		8CD977492D8D2DDA00A80066 = {
			fileRef = 8CD977482D8D2DDA00A80066;
			isa = PBXBuildFile;
			settings = {
			};
		};
		8CD9774A2D8D2DDB00A80066 = {
			isa = PBXFileReference;
			path = "TestsIntegration-UnsolvedRep.rtf";
			refType = 4;
		};
		8CD9774B2D8D2DDB00A80066 = {
			fileRef = 8CD9774A2D8D2DDB00A80066;
			isa = PBXBuildFile;
			settings = {
			};
		};
		8CD9774C2D8D2DDB00A80066 = {
			isa = PBXFileReference;
			path = "TestsIntegration-DisplayRep.rtf";
			refType = 4;
		};
		8CD9774D2D8D2DDB00A80066 = {
			fileRef = 8CD9774C2D8D2DDB00A80066;
			isa = PBXBuildFile;
			settings = {
			};
		};
		8CD9774E2D8D2DDB00A80066 = {
			children = (
				8CD9774F2D8D2DDB00A80066,
				8CD977502D8D2DDB00A80066,
				8CD977512D8D2DDB00A80066,
				8CD977522D8D2DDB00A80066,
				8CD977532D8D2DDB00A80066,
				8CD977542D8D2DDB00A80066,
			);
			isa = PBXGroup;
			name = "Supporting Files";
			refType = 4;
		};
		8CD9774F2D8D2DDB00A80066 = {
			fileEncoding = 2;
			isa = PBXFileReference;
			path = Makefile.preamble;
			refType = 4;
		};
		8CD977502D8D2DDB00A80066 = {
			fileEncoding = 2;
			isa = PBXFileReference;
			path = Makefile;
			refType = 4;
		};
		8CD977512D8D2DDB00A80066 = {
			fileEncoding = 2;
			isa = PBXFileReference;
			path = Makefile.postamble;
			refType = 4;
		};
		8CD977522D8D2DDB00A80066 = {
			fileEncoding = 2;
			isa = PBXFileReference;
			path = m.template;
			refType = 4;
		};
		8CD977532D8D2DDB00A80066 = {
			fileEncoding = 2;
			isa = PBXFileReference;
			path = h.template;
			refType = 4;
		};
		8CD977542D8D2DDB00A80066 = {
			fileEncoding = 2;
			isa = PBXFileReference;
			path = .gdbinit;
			refType = 4;
		};
		8CD977552D8D2DDB00A80066 = {
			children = (
				8CD977562D8D2DDB00A80066,
				8CD977582D8D2DDB00A80066,
			);
			isa = PBXGroup;
			name = "External Frameworks and Libraries";
			refType = 4;
		};
		8CD977562D8D2DDB00A80066 = {
			isa = PBXFrameworkReference;
			name = AppKit.framework;
			path = /System/Library/Frameworks/AppKit.framework;
			refType = 0;
		};
		8CD977572D8D2DDB00A80066 = {
			fileRef = 8CD977562D8D2DDB00A80066;
			isa = PBXBuildFile;
			settings = {
			};
		};
		8CD977582D8D2DDB00A80066 = {
			isa = PBXFrameworkReference;
			name = Foundation.framework;
			path = /System/Library/Frameworks/Foundation.framework;
			refType = 0;
		};
		8CD977592D8D2DDB00A80066 = {
			fileRef = 8CD977582D8D2DDB00A80066;
			isa = PBXBuildFile;
			settings = {
			};
		};
		8CD9775A2D8D2DDB00A80066 = {
			isa = PBXFileReference;
			path = "Import Log.rtf";
			refType = 2;
		};
		8CD9775B2D8D2DDB00A80066 = {
			buildStyles = (
				8CD976DB2D8D2DDA00A80066,
				8CD976DC2D8D2DDA00A80066,
			);
			hasScannedForEncodings = 1;
			isa = PBXProject;
			mainGroup = 8CD976D92D8D2DDA00A80066;
			productRefGroup = 8CD976E42D8D2DDA00A80066;
			projectDirPath = "";
			targets = (
				8CD976E22D8D2DDA00A80066,
			);
		};
	};
	rootObject = 8CD9775B2D8D2DDB00A80066;
}
