// !$*UTF8*$!
{
	archiveVersion = 1;
	classes = {
	};
	objectVersion = 46;
	objects = {

/* Begin PBXBuildFile section */
		8C4D1E002DC7D1F80060CFBA /* about-image-512.tiff in Resources */ = {isa = PBXBuildFile; fileRef = 8C4D1DFA2DC7D1F80060CFBA /* about-image-512.tiff */; };
		8C4D1E012DC7D1F80060CFBA /* AppIcon.icns in Resources */ = {isa = PBXBuildFile; fileRef = 8C4D1DFB2DC7D1F80060CFBA /* AppIcon.icns */; };
		8C4D1E032DC7D1F80060CFBA /* NeXTLogoMed.tiff in Resources */ = {isa = PBXBuildFile; fileRef = 8C4D1DFD2DC7D1F80060CFBA /* NeXTLogoMed.tiff */; };
		8C4D1E042DC7D1F80060CFBA /* TagLine.tiff in Resources */ = {isa = PBXBuildFile; fileRef = 8C4D1DFE2DC7D1F80060CFBA /* TagLine.tiff */; };
		8C5E580C2DC346F200A1648E /* NSUserDefaults+Soulver.h in Headers */ = {isa = PBXBuildFile; fileRef = 8CD62E592D91DCDF0000020F /* NSUserDefaults+Soulver.h */; };
		8C5E580D2DC346F200A1648E /* MATHAccessoryWindowsOwner.h in Headers */ = {isa = PBXBuildFile; fileRef = 8CD62E5B2D91DCDF0000020F /* MATHAccessoryWindowsOwner.h */; };
		8C5E580E2DC346F200A1648E /* MATHAppDelegate.h in Headers */ = {isa = PBXBuildFile; fileRef = 8CD62E5D2D91DCDF0000020F /* MATHAppDelegate.h */; };
		8C5E580F2DC346F200A1648E /* MATHDocument.h in Headers */ = {isa = PBXBuildFile; fileRef = 8CD62E5F2D91DCDF0000020F /* MATHDocument.h */; };
		8C5E58102DC346F200A1648E /* MATHDocumentModelController.h in Headers */ = {isa = PBXBuildFile; fileRef = 8CD62E612D91DCDF0000020F /* MATHDocumentModelController.h */; };
		8C5E58112DC346F200A1648E /* MATHDocumentViewController.h in Headers */ = {isa = PBXBuildFile; fileRef = 8CD62E632D91DCDF0000020F /* MATHDocumentViewController.h */; };
		8C5E58132DC346F200A1648E /* SVRSolver.h in Headers */ = {isa = PBXBuildFile; fileRef = 8CD62E672D91DCDF0000020F /* SVRSolver.h */; };
		8C5E58142DC346F200A1648E /* SVRSolverExpressionTagger.h in Headers */ = {isa = PBXBuildFile; fileRef = 8CD62E692D91DCDF0000020F /* SVRSolverExpressionTagger.h */; };
		8C5E58152DC346F200A1648E /* SVRSolverScanner.h in Headers */ = {isa = PBXBuildFile; fileRef = 8CD62E6B2D91DCDF0000020F /* SVRSolverScanner.h */; };
		8C5E58162DC346F200A1648E /* SVRSolverSolutionTagger.h in Headers */ = {isa = PBXBuildFile; fileRef = 8CD62E6D2D91DCE00000020F /* SVRSolverSolutionTagger.h */; };
		8C5E58172DC346F200A1648E /* SVRSolverStyler.h in Headers */ = {isa = PBXBuildFile; fileRef = 8CD62E6F2D91DCE00000020F /* SVRSolverStyler.h */; };
		8C5E58182DC346F200A1648E /* SVRSolverTextAttachment.h in Headers */ = {isa = PBXBuildFile; fileRef = 8CD62E712D91DCE00000020F /* SVRSolverTextAttachment.h */; };
		8C5E58192DC346F200A1648E /* TestsIntegration.h in Headers */ = {isa = PBXBuildFile; fileRef = 8CD62E772D91DCE00000020F /* TestsIntegration.h */; };
		8C5E581A2DC346F200A1648E /* TestsUnit.h in Headers */ = {isa = PBXBuildFile; fileRef = 8CD62E792D91DCE00000020F /* TestsUnit.h */; };
		8C5E581B2DC346F200A1648E /* XPCrossPlatform.h in Headers */ = {isa = PBXBuildFile; fileRef = 8CD62E7B2D91DCE00000020F /* XPCrossPlatform.h */; };
		8C5E581C2DC346F200A1648E /* XPDocument.h in Headers */ = {isa = PBXBuildFile; fileRef = 8CD62E7D2D91DCE00000020F /* XPDocument.h */; };
		8C5E581D2DC346F200A1648E /* XPRegularExpression.h in Headers */ = {isa = PBXBuildFile; fileRef = 8CD62E7F2D91DCE00000020F /* XPRegularExpression.h */; };
		8C5E581E2DC346F200A1648E /* slre.h in Headers */ = {isa = PBXBuildFile; fileRef = 8CD62EB42D91DDEB0000020F /* slre.h */; };
		8C5E58232DC346F200A1648E /* TestsIntegration-DiskRep.txt in Resources */ = {isa = PBXBuildFile; fileRef = 8CD62E732D91DCE00000020F /* TestsIntegration-DiskRep.txt */; };
		8C5E58242DC346F200A1648E /* TestsIntegration-DisplayRep.rtf in Resources */ = {isa = PBXBuildFile; fileRef = 8CD62E742D91DCE00000020F /* TestsIntegration-DisplayRep.rtf */; };
		8C5E58252DC346F200A1648E /* TestsIntegration-SolvedRep.rtf in Resources */ = {isa = PBXBuildFile; fileRef = 8CD62E752D91DCE00000020F /* TestsIntegration-SolvedRep.rtf */; };
		8C5E58262DC346F200A1648E /* TestsIntegration-UnsolvedRep.rtf in Resources */ = {isa = PBXBuildFile; fileRef = 8CD62E762D91DCE00000020F /* TestsIntegration-UnsolvedRep.rtf */; };
		8C5E582A2DC346F200A1648E /* Localizable.strings in Resources */ = {isa = PBXBuildFile; fileRef = 8CD62EC02D91DF730000020F /* Localizable.strings */; };
		8C5E582C2DC346F200A1648E /* TestUnitBezierPath-MANUAL.tiff in Resources */ = {isa = PBXBuildFile; fileRef = 8C5B4ECA2DC10C7B002C87B3 /* TestUnitBezierPath-MANUAL.tiff */; };
		8C5E582D2DC346F200A1648E /* TestUnitBezierPath-REAL.tiff in Resources */ = {isa = PBXBuildFile; fileRef = 8C5B4ECB2DC10C7B002C87B3 /* TestUnitBezierPath-REAL.tiff */; };
		8C5E582F2DC346F200A1648E /* main.m in Sources */ = {isa = PBXBuildFile; fileRef = 8CD62E502D91DB730000020F /* main.m */; };
		8C5E58302DC346F200A1648E /* NSUserDefaults+Soulver.m in Sources */ = {isa = PBXBuildFile; fileRef = 8CD62E5A2D91DCDF0000020F /* NSUserDefaults+Soulver.m */; };
		8C5E58312DC346F200A1648E /* MATHAccessoryWindowsOwner.m in Sources */ = {isa = PBXBuildFile; fileRef = 8CD62E5C2D91DCDF0000020F /* MATHAccessoryWindowsOwner.m */; };
		8C5E58322DC346F200A1648E /* MATHAppDelegate.m in Sources */ = {isa = PBXBuildFile; fileRef = 8CD62E5E2D91DCDF0000020F /* MATHAppDelegate.m */; };
		8C5E58332DC346F200A1648E /* MATHDocument.m in Sources */ = {isa = PBXBuildFile; fileRef = 8CD62E602D91DCDF0000020F /* MATHDocument.m */; };
		8C5E58342DC346F200A1648E /* MATHDocumentModelController.m in Sources */ = {isa = PBXBuildFile; fileRef = 8CD62E622D91DCDF0000020F /* MATHDocumentModelController.m */; };
		8C5E58352DC346F200A1648E /* MATHDocumentViewController.m in Sources */ = {isa = PBXBuildFile; fileRef = 8CD62E642D91DCDF0000020F /* MATHDocumentViewController.m */; };
		8C5E58372DC346F200A1648E /* SVRSolver.m in Sources */ = {isa = PBXBuildFile; fileRef = 8CD62E682D91DCDF0000020F /* SVRSolver.m */; };
		8C5E58382DC346F200A1648E /* SVRSolverExpressionTagger.m in Sources */ = {isa = PBXBuildFile; fileRef = 8CD62E6A2D91DCDF0000020F /* SVRSolverExpressionTagger.m */; };
		8C5E58392DC346F200A1648E /* SVRSolverScanner.m in Sources */ = {isa = PBXBuildFile; fileRef = 8CD62E6C2D91DCE00000020F /* SVRSolverScanner.m */; };
		8C5E583A2DC346F200A1648E /* SVRSolverSolutionTagger.m in Sources */ = {isa = PBXBuildFile; fileRef = 8CD62E6E2D91DCE00000020F /* SVRSolverSolutionTagger.m */; };
		8C5E583B2DC346F200A1648E /* SVRSolverStyler.m in Sources */ = {isa = PBXBuildFile; fileRef = 8CD62E702D91DCE00000020F /* SVRSolverStyler.m */; };
		8C5E583C2DC346F200A1648E /* SVRSolverTextAttachment.m in Sources */ = {isa = PBXBuildFile; fileRef = 8CD62E722D91DCE00000020F /* SVRSolverTextAttachment.m */; };
		8C5E583D2DC346F200A1648E /* TestsIntegration.m in Sources */ = {isa = PBXBuildFile; fileRef = 8CD62E782D91DCE00000020F /* TestsIntegration.m */; };
		8C5E583E2DC346F200A1648E /* TestsUnit.m in Sources */ = {isa = PBXBuildFile; fileRef = 8CD62E7A2D91DCE00000020F /* TestsUnit.m */; };
		8C5E583F2DC346F200A1648E /* XPCrossPlatform.m in Sources */ = {isa = PBXBuildFile; fileRef = 8CD62E7C2D91DCE00000020F /* XPCrossPlatform.m */; };
		8C5E58402DC346F200A1648E /* XPDocument.m in Sources */ = {isa = PBXBuildFile; fileRef = 8CD62E7E2D91DCE00000020F /* XPDocument.m */; };
		8C5E58412DC346F200A1648E /* XPRegularExpression.m in Sources */ = {isa = PBXBuildFile; fileRef = 8CD62E802D91DCE00000020F /* XPRegularExpression.m */; };
		8C5E58422DC346F200A1648E /* slre.c in Sources */ = {isa = PBXBuildFile; fileRef = 8CD62EB32D91DDEB0000020F /* slre.c */; };
		8C5E58442DC346F200A1648E /* Cocoa.framework in Frameworks */ = {isa = PBXBuildFile; fileRef = 1058C7A7FEA54F5311CA2CBB /* Cocoa.framework */; };
		8C9AD7CC2E06488400DE8B5A /* ThemeAuto.tiff in Resources */ = {isa = PBXBuildFile; fileRef = 8C9AD7C62E06488400DE8B5A /* ThemeAuto.tiff */; };
		8C9AD7CD2E06488400DE8B5A /* ThemeAuto@2x.tiff in Resources */ = {isa = PBXBuildFile; fileRef = 8C9AD7C72E06488400DE8B5A /* ThemeAuto@2x.tiff */; };
		8C9AD7CE2E06488400DE8B5A /* ThemeDark@2x.tiff in Resources */ = {isa = PBXBuildFile; fileRef = 8C9AD7C92E06488400DE8B5A /* ThemeDark@2x.tiff */; };
		8C9AD7CF2E06488400DE8B5A /* ThemeLight.tiff in Resources */ = {isa = PBXBuildFile; fileRef = 8C9AD7CA2E06488400DE8B5A /* ThemeLight.tiff */; };
		8C9AD7D02E06488400DE8B5A /* ThemeDark.tiff in Resources */ = {isa = PBXBuildFile; fileRef = 8C9AD7C82E06488400DE8B5A /* ThemeDark.tiff */; };
		8C9AD7D12E06488400DE8B5A /* ThemeLight@2x.tiff in Resources */ = {isa = PBXBuildFile; fileRef = 8C9AD7CB2E06488400DE8B5A /* ThemeLight@2x.tiff */; };
		8CB5C5122DED604600CDE1DF /* MATHAccessoryWindowViews.h in Headers */ = {isa = PBXBuildFile; fileRef = 8CB5C5102DED604600CDE1DF /* MATHAccessoryWindowViews.h */; };
		8CB5C5132DED604600CDE1DF /* MATHAccessoryWindowViews.m in Sources */ = {isa = PBXBuildFile; fileRef = 8CB5C5112DED604600CDE1DF /* MATHAccessoryWindowViews.m */; };
/* End PBXBuildFile section */

/* Begin PBXFileReference section */
		1058C7A7FEA54F5311CA2CBB /* Cocoa.framework */ = {isa = PBXFileReference; lastKnownFileType = wrapper.framework; name = Cocoa.framework; path = /System/Library/Frameworks/Cocoa.framework; sourceTree = "<absolute>"; };
		2A37F4C4FDCFA73011CA2CEA /* AppKit.framework */ = {isa = PBXFileReference; lastKnownFileType = wrapper.framework; name = AppKit.framework; path = /System/Library/Frameworks/AppKit.framework; sourceTree = "<absolute>"; };
		2A37F4C5FDCFA73011CA2CEA /* Foundation.framework */ = {isa = PBXFileReference; lastKnownFileType = wrapper.framework; name = Foundation.framework; path = /System/Library/Frameworks/Foundation.framework; sourceTree = "<absolute>"; };
		8C0754132E1A5FFC0066D73A /* PBRelease.xcconfig */ = {isa = PBXFileReference; lastKnownFileType = text.xcconfig; name = PBRelease.xcconfig; path = PB.xcconfig/PBRelease.xcconfig; sourceTree = "<group>"; };
		8C0754142E1A5FFE0066D73A /* PBDebug.xcconfig */ = {isa = PBXFileReference; lastKnownFileType = text.xcconfig; name = PBDebug.xcconfig; path = PB.xcconfig/PBDebug.xcconfig; sourceTree = "<group>"; };
		8C0754152E1A5FFE0066D73A /* PBBase.xcconfig */ = {isa = PBXFileReference; lastKnownFileType = text.xcconfig; name = PBBase.xcconfig; path = PB.xcconfig/PBBase.xcconfig; sourceTree = "<group>"; };
		8C4D1DFA2DC7D1F80060CFBA /* about-image-512.tiff */ = {isa = PBXFileReference; lastKnownFileType = image.tiff; name = "about-image-512.tiff"; path = "Images/about-image-512.tiff"; sourceTree = "<group>"; };
		8C4D1DFB2DC7D1F80060CFBA /* AppIcon.icns */ = {isa = PBXFileReference; lastKnownFileType = image.icns; name = AppIcon.icns; path = Images/AppIcon.icns; sourceTree = "<group>"; };
		8C4D1DFD2DC7D1F80060CFBA /* NeXTLogoMed.tiff */ = {isa = PBXFileReference; lastKnownFileType = image.tiff; name = NeXTLogoMed.tiff; path = Images/NeXTLogoMed.tiff; sourceTree = "<group>"; };
		8C4D1DFE2DC7D1F80060CFBA /* TagLine.tiff */ = {isa = PBXFileReference; lastKnownFileType = image.tiff; name = TagLine.tiff; path = Images/TagLine.tiff; sourceTree = "<group>"; };
		8C5B4ECA2DC10C7B002C87B3 /* TestUnitBezierPath-MANUAL.tiff */ = {isa = PBXFileReference; lastKnownFileType = image.tiff; path = "TestUnitBezierPath-MANUAL.tiff"; sourceTree = SOURCE_ROOT; };
		8C5B4ECB2DC10C7B002C87B3 /* TestUnitBezierPath-REAL.tiff */ = {isa = PBXFileReference; lastKnownFileType = image.tiff; path = "TestUnitBezierPath-REAL.tiff"; sourceTree = SOURCE_ROOT; };
		8C5E584A2DC346F200A1648E /* MathEdit.app */ = {isa = PBXFileReference; explicitFileType = wrapper.application; includeInIndex = 0; path = MathEdit.app; sourceTree = BUILT_PRODUCTS_DIR; };
		8C8D51D12DD97A31003A8684 /* Info.plist */ = {isa = PBXFileReference; lastKnownFileType = text.plist.xml; name = Info.plist; path = PB.xcconfig/Info.plist; sourceTree = "<group>"; };
		8C9AD7C62E06488400DE8B5A /* ThemeAuto.tiff */ = {isa = PBXFileReference; lastKnownFileType = image.tiff; name = ThemeAuto.tiff; path = Images/ThemeAuto.tiff; sourceTree = "<group>"; };
		8C9AD7C72E06488400DE8B5A /* ThemeAuto@2x.tiff */ = {isa = PBXFileReference; lastKnownFileType = image.tiff; name = "ThemeAuto@2x.tiff"; path = "Images/ThemeAuto@2x.tiff"; sourceTree = "<group>"; };
		8C9AD7C82E06488400DE8B5A /* ThemeDark.tiff */ = {isa = PBXFileReference; lastKnownFileType = image.tiff; name = ThemeDark.tiff; path = Images/ThemeDark.tiff; sourceTree = "<group>"; };
		8C9AD7C92E06488400DE8B5A /* ThemeDark@2x.tiff */ = {isa = PBXFileReference; lastKnownFileType = image.tiff; name = "ThemeDark@2x.tiff"; path = "Images/ThemeDark@2x.tiff"; sourceTree = "<group>"; };
		8C9AD7CA2E06488400DE8B5A /* ThemeLight.tiff */ = {isa = PBXFileReference; lastKnownFileType = image.tiff; name = ThemeLight.tiff; path = Images/ThemeLight.tiff; sourceTree = "<group>"; };
		8C9AD7CB2E06488400DE8B5A /* ThemeLight@2x.tiff */ = {isa = PBXFileReference; lastKnownFileType = image.tiff; name = "ThemeLight@2x.tiff"; path = "Images/ThemeLight@2x.tiff"; sourceTree = "<group>"; };
		8CB5C5102DED604600CDE1DF /* MATHAccessoryWindowViews.h */ = {isa = PBXFileReference; lastKnownFileType = sourcecode.c.h; path = MATHAccessoryWindowViews.h; sourceTree = "<group>"; };
		8CB5C5112DED604600CDE1DF /* MATHAccessoryWindowViews.m */ = {isa = PBXFileReference; lastKnownFileType = sourcecode.c.objc; path = MATHAccessoryWindowViews.m; sourceTree = "<group>"; };
		8CD62E502D91DB730000020F /* main.m */ = {isa = PBXFileReference; fileEncoding = 30; lastKnownFileType = sourcecode.c.objc; path = main.m; sourceTree = "<group>"; };
		8CD62E552D91DCDF0000020F /* Import Log.rtf */ = {isa = PBXFileReference; lastKnownFileType = text.rtf; path = "Import Log.rtf"; sourceTree = "<group>"; };
		8CD62E562D91DCDF0000020F /* Makefile */ = {isa = PBXFileReference; fileEncoding = 30; lastKnownFileType = sourcecode.make; path = Makefile; sourceTree = "<group>"; };
		8CD62E572D91DCDF0000020F /* Makefile.postamble */ = {isa = PBXFileReference; fileEncoding = 30; lastKnownFileType = text; path = Makefile.postamble; sourceTree = "<group>"; };
		8CD62E582D91DCDF0000020F /* Makefile.preamble */ = {isa = PBXFileReference; fileEncoding = 30; lastKnownFileType = text; path = Makefile.preamble; sourceTree = "<group>"; };
		8CD62E592D91DCDF0000020F /* NSUserDefaults+Soulver.h */ = {isa = PBXFileReference; fileEncoding = 30; lastKnownFileType = sourcecode.c.h; path = "NSUserDefaults+Soulver.h"; sourceTree = "<group>"; };
		8CD62E5A2D91DCDF0000020F /* NSUserDefaults+Soulver.m */ = {isa = PBXFileReference; fileEncoding = 30; lastKnownFileType = sourcecode.c.objc; path = "NSUserDefaults+Soulver.m"; sourceTree = "<group>"; };
		8CD62E5B2D91DCDF0000020F /* MATHAccessoryWindowsOwner.h */ = {isa = PBXFileReference; fileEncoding = 30; lastKnownFileType = sourcecode.c.h; path = MATHAccessoryWindowsOwner.h; sourceTree = "<group>"; };
		8CD62E5C2D91DCDF0000020F /* MATHAccessoryWindowsOwner.m */ = {isa = PBXFileReference; fileEncoding = 30; lastKnownFileType = sourcecode.c.objc; path = MATHAccessoryWindowsOwner.m; sourceTree = "<group>"; };
		8CD62E5D2D91DCDF0000020F /* MATHAppDelegate.h */ = {isa = PBXFileReference; fileEncoding = 30; lastKnownFileType = sourcecode.c.h; path = MATHAppDelegate.h; sourceTree = "<group>"; };
		8CD62E5E2D91DCDF0000020F /* MATHAppDelegate.m */ = {isa = PBXFileReference; fileEncoding = 30; lastKnownFileType = sourcecode.c.objc; path = MATHAppDelegate.m; sourceTree = "<group>"; };
		8CD62E5F2D91DCDF0000020F /* MATHDocument.h */ = {isa = PBXFileReference; fileEncoding = 30; lastKnownFileType = sourcecode.c.h; path = MATHDocument.h; sourceTree = "<group>"; };
		8CD62E602D91DCDF0000020F /* MATHDocument.m */ = {isa = PBXFileReference; fileEncoding = 30; lastKnownFileType = sourcecode.c.objc; path = MATHDocument.m; sourceTree = "<group>"; };
		8CD62E612D91DCDF0000020F /* MATHDocumentModelController.h */ = {isa = PBXFileReference; fileEncoding = 30; lastKnownFileType = sourcecode.c.h; path = MATHDocumentModelController.h; sourceTree = "<group>"; };
		8CD62E622D91DCDF0000020F /* MATHDocumentModelController.m */ = {isa = PBXFileReference; fileEncoding = 30; lastKnownFileType = sourcecode.c.objc; path = MATHDocumentModelController.m; sourceTree = "<group>"; };
		8CD62E632D91DCDF0000020F /* MATHDocumentViewController.h */ = {isa = PBXFileReference; fileEncoding = 30; lastKnownFileType = sourcecode.c.h; path = MATHDocumentViewController.h; sourceTree = "<group>"; };
		8CD62E642D91DCDF0000020F /* MATHDocumentViewController.m */ = {isa = PBXFileReference; fileEncoding = 30; lastKnownFileType = sourcecode.c.objc; path = MATHDocumentViewController.m; sourceTree = "<group>"; };
		8CD62E672D91DCDF0000020F /* SVRSolver.h */ = {isa = PBXFileReference; fileEncoding = 30; lastKnownFileType = sourcecode.c.h; path = SVRSolver.h; sourceTree = "<group>"; };
		8CD62E682D91DCDF0000020F /* SVRSolver.m */ = {isa = PBXFileReference; fileEncoding = 30; lastKnownFileType = sourcecode.c.objc; path = SVRSolver.m; sourceTree = "<group>"; };
		8CD62E692D91DCDF0000020F /* SVRSolverExpressionTagger.h */ = {isa = PBXFileReference; fileEncoding = 30; lastKnownFileType = sourcecode.c.h; path = SVRSolverExpressionTagger.h; sourceTree = "<group>"; };
		8CD62E6A2D91DCDF0000020F /* SVRSolverExpressionTagger.m */ = {isa = PBXFileReference; fileEncoding = 30; lastKnownFileType = sourcecode.c.objc; path = SVRSolverExpressionTagger.m; sourceTree = "<group>"; };
		8CD62E6B2D91DCDF0000020F /* SVRSolverScanner.h */ = {isa = PBXFileReference; fileEncoding = 30; lastKnownFileType = sourcecode.c.h; path = SVRSolverScanner.h; sourceTree = "<group>"; };
		8CD62E6C2D91DCE00000020F /* SVRSolverScanner.m */ = {isa = PBXFileReference; fileEncoding = 30; lastKnownFileType = sourcecode.c.objc; path = SVRSolverScanner.m; sourceTree = "<group>"; };
		8CD62E6D2D91DCE00000020F /* SVRSolverSolutionTagger.h */ = {isa = PBXFileReference; fileEncoding = 30; lastKnownFileType = sourcecode.c.h; path = SVRSolverSolutionTagger.h; sourceTree = "<group>"; };
		8CD62E6E2D91DCE00000020F /* SVRSolverSolutionTagger.m */ = {isa = PBXFileReference; fileEncoding = 30; lastKnownFileType = sourcecode.c.objc; path = SVRSolverSolutionTagger.m; sourceTree = "<group>"; };
		8CD62E6F2D91DCE00000020F /* SVRSolverStyler.h */ = {isa = PBXFileReference; fileEncoding = 30; lastKnownFileType = sourcecode.c.h; path = SVRSolverStyler.h; sourceTree = "<group>"; };
		8CD62E702D91DCE00000020F /* SVRSolverStyler.m */ = {isa = PBXFileReference; fileEncoding = 30; lastKnownFileType = sourcecode.c.objc; path = SVRSolverStyler.m; sourceTree = "<group>"; };
		8CD62E712D91DCE00000020F /* SVRSolverTextAttachment.h */ = {isa = PBXFileReference; fileEncoding = 30; lastKnownFileType = sourcecode.c.h; path = SVRSolverTextAttachment.h; sourceTree = "<group>"; };
		8CD62E722D91DCE00000020F /* SVRSolverTextAttachment.m */ = {isa = PBXFileReference; fileEncoding = 30; lastKnownFileType = sourcecode.c.objc; path = SVRSolverTextAttachment.m; sourceTree = "<group>"; };
		8CD62E732D91DCE00000020F /* TestsIntegration-DiskRep.txt */ = {isa = PBXFileReference; fileEncoding = 30; lastKnownFileType = text; path = "TestsIntegration-DiskRep.txt"; sourceTree = "<group>"; };
		8CD62E742D91DCE00000020F /* TestsIntegration-DisplayRep.rtf */ = {isa = PBXFileReference; lastKnownFileType = text.rtf; path = "TestsIntegration-DisplayRep.rtf"; sourceTree = "<group>"; };
		8CD62E752D91DCE00000020F /* TestsIntegration-SolvedRep.rtf */ = {isa = PBXFileReference; lastKnownFileType = text.rtf; path = "TestsIntegration-SolvedRep.rtf"; sourceTree = "<group>"; };
		8CD62E762D91DCE00000020F /* TestsIntegration-UnsolvedRep.rtf */ = {isa = PBXFileReference; lastKnownFileType = text.rtf; path = "TestsIntegration-UnsolvedRep.rtf"; sourceTree = "<group>"; };
		8CD62E772D91DCE00000020F /* TestsIntegration.h */ = {isa = PBXFileReference; fileEncoding = 30; lastKnownFileType = sourcecode.c.h; path = TestsIntegration.h; sourceTree = "<group>"; };
		8CD62E782D91DCE00000020F /* TestsIntegration.m */ = {isa = PBXFileReference; fileEncoding = 30; lastKnownFileType = sourcecode.c.objc; path = TestsIntegration.m; sourceTree = "<group>"; };
		8CD62E792D91DCE00000020F /* TestsUnit.h */ = {isa = PBXFileReference; fileEncoding = 30; lastKnownFileType = sourcecode.c.h; path = TestsUnit.h; sourceTree = "<group>"; };
		8CD62E7A2D91DCE00000020F /* TestsUnit.m */ = {isa = PBXFileReference; fileEncoding = 30; lastKnownFileType = sourcecode.c.objc; path = TestsUnit.m; sourceTree = "<group>"; };
		8CD62E7B2D91DCE00000020F /* XPCrossPlatform.h */ = {isa = PBXFileReference; fileEncoding = 30; lastKnownFileType = sourcecode.c.h; path = XPCrossPlatform.h; sourceTree = "<group>"; };
		8CD62E7C2D91DCE00000020F /* XPCrossPlatform.m */ = {isa = PBXFileReference; fileEncoding = 30; lastKnownFileType = sourcecode.c.objc; path = XPCrossPlatform.m; sourceTree = "<group>"; };
		8CD62E7D2D91DCE00000020F /* XPDocument.h */ = {isa = PBXFileReference; fileEncoding = 30; lastKnownFileType = sourcecode.c.h; path = XPDocument.h; sourceTree = "<group>"; };
		8CD62E7E2D91DCE00000020F /* XPDocument.m */ = {isa = PBXFileReference; fileEncoding = 30; lastKnownFileType = sourcecode.c.objc; path = XPDocument.m; sourceTree = "<group>"; };
		8CD62E7F2D91DCE00000020F /* XPRegularExpression.h */ = {isa = PBXFileReference; fileEncoding = 30; lastKnownFileType = sourcecode.c.h; path = XPRegularExpression.h; sourceTree = "<group>"; };
		8CD62E802D91DCE00000020F /* XPRegularExpression.m */ = {isa = PBXFileReference; fileEncoding = 30; lastKnownFileType = sourcecode.c.objc; path = XPRegularExpression.m; sourceTree = "<group>"; };
		8CD62EB12D91DD700000020F /* PB.project */ = {isa = PBXFileReference; fileEncoding = 30; lastKnownFileType = text; path = PB.project; sourceTree = "<group>"; };
		8CD62EB32D91DDEB0000020F /* slre.c */ = {isa = PBXFileReference; fileEncoding = 30; lastKnownFileType = sourcecode.c.c; path = slre.c; sourceTree = "<group>"; };
		8CD62EB42D91DDEB0000020F /* slre.h */ = {isa = PBXFileReference; fileEncoding = 30; lastKnownFileType = sourcecode.c.h; path = slre.h; sourceTree = "<group>"; };
		8CD62EC12D91DF730000020F /* English */ = {isa = PBXFileReference; fileEncoding = 4; lastKnownFileType = text.plist.strings; name = English; path = English.lproj/Localizable.strings; sourceTree = "<group>"; };
		8CD62ED82D91EBA60000020F /* MathEdit.iconheader */ = {isa = PBXFileReference; lastKnownFileType = text; path = MathEdit.iconheader; sourceTree = "<group>"; };
		8CD632692D91FF0F0000020F /* .gdbinit */ = {isa = PBXFileReference; fileEncoding = 30; lastKnownFileType = text; path = .gdbinit; sourceTree = "<group>"; };
		8CF1CCE52DD8792A0097573E /* PB.entitlements */ = {isa = PBXFileReference; lastKnownFileType = text.plist.entitlements; name = PB.entitlements; path = PB.xcconfig/PB.entitlements; sourceTree = "<group>"; };
/* End PBXFileReference section */

/* Begin PBXFrameworksBuildPhase section */
		8C5E58432DC346F200A1648E /* Frameworks */ = {
			isa = PBXFrameworksBuildPhase;
			buildActionMask = 2147483647;
			files = (
				8C5E58442DC346F200A1648E /* Cocoa.framework in Frameworks */,
			);
			runOnlyForDeploymentPostprocessing = 0;
		};
/* End PBXFrameworksBuildPhase section */

/* Begin PBXGroup section */
		1058C7A6FEA54F5311CA2CBB /* Linked Frameworks */ = {
			isa = PBXGroup;
			children = (
				1058C7A7FEA54F5311CA2CBB /* Cocoa.framework */,
			);
			name = "Linked Frameworks";
			sourceTree = "<group>";
		};
		1058C7A8FEA54F5311CA2CBB /* Other Frameworks */ = {
			isa = PBXGroup;
			children = (
				2A37F4C5FDCFA73011CA2CEA /* Foundation.framework */,
				2A37F4C4FDCFA73011CA2CEA /* AppKit.framework */,
			);
			name = "Other Frameworks";
			sourceTree = "<group>";
		};
		19C28FB0FE9D524F11CA2CBB /* Products */ = {
			isa = PBXGroup;
			children = (
				8C5E584A2DC346F200A1648E /* MathEdit.app */,
			);
			name = Products;
			sourceTree = "<group>";
		};
		2A37F4AAFDCFA73011CA2CEA /* Soulver */ = {
			isa = PBXGroup;
			children = (
				2A37F4ABFDCFA73011CA2CEA /* Classes */,
				8CD62EAF2D91DD0F0000020F /* Tests */,
				2A37F4AFFDCFA73011CA2CEA /* Other Sources */,
				8CD62EAE2D91DCFD0000020F /* Images */,
				2A37F4B8FDCFA73011CA2CEA /* Resources */,
				8C0754122E1A5F8F0066D73A /* XCConfig */,
				8CD62EB02D91DD420000020F /* Legacy */,
				2A37F4C3FDCFA73011CA2CEA /* Frameworks */,
				19C28FB0FE9D524F11CA2CBB /* Products */,
			);
			name = Soulver;
			sourceTree = "<group>";
		};
		2A37F4ABFDCFA73011CA2CEA /* Classes */ = {
			isa = PBXGroup;
			children = (
				8CD62E5D2D91DCDF0000020F /* MATHAppDelegate.h */,
				8CD62E5E2D91DCDF0000020F /* MATHAppDelegate.m */,
				8CD62E5B2D91DCDF0000020F /* MATHAccessoryWindowsOwner.h */,
				8CD62E5C2D91DCDF0000020F /* MATHAccessoryWindowsOwner.m */,
				8CB5C5102DED604600CDE1DF /* MATHAccessoryWindowViews.h */,
				8CB5C5112DED604600CDE1DF /* MATHAccessoryWindowViews.m */,
				8CD62E5F2D91DCDF0000020F /* MATHDocument.h */,
				8CD62E602D91DCDF0000020F /* MATHDocument.m */,
				8CD62E612D91DCDF0000020F /* MATHDocumentModelController.h */,
				8CD62E622D91DCDF0000020F /* MATHDocumentModelController.m */,
				8CD62E632D91DCDF0000020F /* MATHDocumentViewController.h */,
				8CD62E642D91DCDF0000020F /* MATHDocumentViewController.m */,
				8CD62E672D91DCDF0000020F /* SVRSolver.h */,
				8CD62E682D91DCDF0000020F /* SVRSolver.m */,
				8CD62E692D91DCDF0000020F /* SVRSolverExpressionTagger.h */,
				8CD62E6A2D91DCDF0000020F /* SVRSolverExpressionTagger.m */,
				8CD62E6B2D91DCDF0000020F /* SVRSolverScanner.h */,
				8CD62E6C2D91DCE00000020F /* SVRSolverScanner.m */,
				8CD62E6D2D91DCE00000020F /* SVRSolverSolutionTagger.h */,
				8CD62E6E2D91DCE00000020F /* SVRSolverSolutionTagger.m */,
				8CD62E6F2D91DCE00000020F /* SVRSolverStyler.h */,
				8CD62E702D91DCE00000020F /* SVRSolverStyler.m */,
				8CD62E712D91DCE00000020F /* SVRSolverTextAttachment.h */,
				8CD62E722D91DCE00000020F /* SVRSolverTextAttachment.m */,
				8CD62E7B2D91DCE00000020F /* XPCrossPlatform.h */,
				8CD62E7C2D91DCE00000020F /* XPCrossPlatform.m */,
				8CD62E7D2D91DCE00000020F /* XPDocument.h */,
				8CD62E7E2D91DCE00000020F /* XPDocument.m */,
				8CD62E7F2D91DCE00000020F /* XPRegularExpression.h */,
				8CD62E802D91DCE00000020F /* XPRegularExpression.m */,
				8CD62E592D91DCDF0000020F /* NSUserDefaults+Soulver.h */,
				8CD62E5A2D91DCDF0000020F /* NSUserDefaults+Soulver.m */,
				8CD62EB32D91DDEB0000020F /* slre.c */,
				8CD62EB42D91DDEB0000020F /* slre.h */,
			);
			name = Classes;
			sourceTree = "<group>";
		};
		2A37F4AFFDCFA73011CA2CEA /* Other Sources */ = {
			isa = PBXGroup;
			children = (
				8CD62E502D91DB730000020F /* main.m */,
			);
			name = "Other Sources";
			sourceTree = "<group>";
		};
		2A37F4B8FDCFA73011CA2CEA /* Resources */ = {
			isa = PBXGroup;
			children = (
				8CD62EC02D91DF730000020F /* Localizable.strings */,
			);
			name = Resources;
			sourceTree = "<group>";
		};
		2A37F4C3FDCFA73011CA2CEA /* Frameworks */ = {
			isa = PBXGroup;
			children = (
				1058C7A6FEA54F5311CA2CBB /* Linked Frameworks */,
				1058C7A8FEA54F5311CA2CBB /* Other Frameworks */,
			);
			name = Frameworks;
			sourceTree = "<group>";
		};
		8C0754122E1A5F8F0066D73A /* XCConfig */ = {
			isa = PBXGroup;
			children = (
				8C8D51D12DD97A31003A8684 /* Info.plist */,
				8CF1CCE52DD8792A0097573E /* PB.entitlements */,
				8C0754152E1A5FFE0066D73A /* PBBase.xcconfig */,
				8C0754142E1A5FFE0066D73A /* PBDebug.xcconfig */,
				8C0754132E1A5FFC0066D73A /* PBRelease.xcconfig */,
			);
			name = XCConfig;
			sourceTree = "<group>";
		};
		8CD62EAE2D91DCFD0000020F /* Images */ = {
			isa = PBXGroup;
			children = (
				8C4D1DFA2DC7D1F80060CFBA /* about-image-512.tiff */,
				8C4D1DFB2DC7D1F80060CFBA /* AppIcon.icns */,
				8C4D1DFD2DC7D1F80060CFBA /* NeXTLogoMed.tiff */,
				8C4D1DFE2DC7D1F80060CFBA /* TagLine.tiff */,
				8C9AD7C62E06488400DE8B5A /* ThemeAuto.tiff */,
				8C9AD7C72E06488400DE8B5A /* ThemeAuto@2x.tiff */,
				8C9AD7C82E06488400DE8B5A /* ThemeDark.tiff */,
				8C9AD7C92E06488400DE8B5A /* ThemeDark@2x.tiff */,
				8C9AD7CA2E06488400DE8B5A /* ThemeLight.tiff */,
				8C9AD7CB2E06488400DE8B5A /* ThemeLight@2x.tiff */,
			);
			name = Images;
			sourceTree = "<group>";
		};
		8CD62EAF2D91DD0F0000020F /* Tests */ = {
			isa = PBXGroup;
			children = (
				8CD62E792D91DCE00000020F /* TestsUnit.h */,
				8CD62E7A2D91DCE00000020F /* TestsUnit.m */,
				8CD62E772D91DCE00000020F /* TestsIntegration.h */,
				8CD62E782D91DCE00000020F /* TestsIntegration.m */,
				8CD62E732D91DCE00000020F /* TestsIntegration-DiskRep.txt */,
				8CD62E742D91DCE00000020F /* TestsIntegration-DisplayRep.rtf */,
				8CD62E752D91DCE00000020F /* TestsIntegration-SolvedRep.rtf */,
				8CD62E762D91DCE00000020F /* TestsIntegration-UnsolvedRep.rtf */,
				8C5B4ECA2DC10C7B002C87B3 /* TestUnitBezierPath-MANUAL.tiff */,
				8C5B4ECB2DC10C7B002C87B3 /* TestUnitBezierPath-REAL.tiff */,
			);
			name = Tests;
			sourceTree = "<group>";
		};
		8CD62EB02D91DD420000020F /* Legacy */ = {
			isa = PBXGroup;
			children = (
				8CD62E552D91DCDF0000020F /* Import Log.rtf */,
				8CD62E562D91DCDF0000020F /* Makefile */,
				8CD62E572D91DCDF0000020F /* Makefile.postamble */,
				8CD62E582D91DCDF0000020F /* Makefile.preamble */,
				8CD62EB12D91DD700000020F /* PB.project */,
				8CD62ED82D91EBA60000020F /* MathEdit.iconheader */,
				8CD632692D91FF0F0000020F /* .gdbinit */,
			);
			name = Legacy;
			sourceTree = "<group>";
		};
/* End PBXGroup section */

/* Begin PBXHeadersBuildPhase section */
		8C5E580A2DC346F200A1648E /* Headers */ = {
			isa = PBXHeadersBuildPhase;
			buildActionMask = 2147483647;
			files = (
				8C5E580C2DC346F200A1648E /* NSUserDefaults+Soulver.h in Headers */,
				8C5E580D2DC346F200A1648E /* MATHAccessoryWindowsOwner.h in Headers */,
				8C5E580E2DC346F200A1648E /* MATHAppDelegate.h in Headers */,
				8C5E580F2DC346F200A1648E /* MATHDocument.h in Headers */,
				8C5E58102DC346F200A1648E /* MATHDocumentModelController.h in Headers */,
				8C5E58112DC346F200A1648E /* MATHDocumentViewController.h in Headers */,
				8C5E58132DC346F200A1648E /* SVRSolver.h in Headers */,
				8CB5C5122DED604600CDE1DF /* MATHAccessoryWindowViews.h in Headers */,
				8C5E58142DC346F200A1648E /* SVRSolverExpressionTagger.h in Headers */,
				8C5E58152DC346F200A1648E /* SVRSolverScanner.h in Headers */,
				8C5E58162DC346F200A1648E /* SVRSolverSolutionTagger.h in Headers */,
				8C5E58172DC346F200A1648E /* SVRSolverStyler.h in Headers */,
				8C5E58182DC346F200A1648E /* SVRSolverTextAttachment.h in Headers */,
				8C5E58192DC346F200A1648E /* TestsIntegration.h in Headers */,
				8C5E581A2DC346F200A1648E /* TestsUnit.h in Headers */,
				8C5E581B2DC346F200A1648E /* XPCrossPlatform.h in Headers */,
				8C5E581C2DC346F200A1648E /* XPDocument.h in Headers */,
				8C5E581D2DC346F200A1648E /* XPRegularExpression.h in Headers */,
				8C5E581E2DC346F200A1648E /* slre.h in Headers */,
			);
			runOnlyForDeploymentPostprocessing = 0;
		};
/* End PBXHeadersBuildPhase section */

/* Begin PBXNativeTarget section */
		8C5E58092DC346F200A1648E /* MathEdit */ = {
			isa = PBXNativeTarget;
			buildConfigurationList = 8C5E58452DC346F200A1648E /* Build configuration list for PBXNativeTarget "MathEdit" */;
			buildPhases = (
				8C5E580A2DC346F200A1648E /* Headers */,
				8C5E581F2DC346F200A1648E /* Resources */,
				8C5E582E2DC346F200A1648E /* Sources */,
				8C5E58432DC346F200A1648E /* Frameworks */,
			);
			buildRules = (
			);
			dependencies = (
			);
			name = MathEdit;
			productInstallPath = "$(HOME)/Applications";
			productName = Soulver;
			productReference = 8C5E584A2DC346F200A1648E /* MathEdit.app */;
			productType = "com.apple.product-type.application";
		};
/* End PBXNativeTarget section */

/* Begin PBXProject section */
		2A37F4A9FDCFA73011CA2CEA /* Project object */ = {
			isa = PBXProject;
			attributes = {
				LastUpgradeCheck = 1240;
				TargetAttributes = {
					8C5E58092DC346F200A1648E = {
						SystemCapabilities = {
							com.apple.Sandbox = {
								enabled = 1;
							};
						};
					};
				};
			};
			buildConfigurationList = 8C0A75872DC107FF0064EDCA /* Build configuration list for PBXProject "PBX15" */;
			compatibilityVersion = "Xcode 3.2";
			developmentRegion = English;
			hasScannedForEncodings = 1;
			knownRegions = (
				en,
				English,
			);
			mainGroup = 2A37F4AAFDCFA73011CA2CEA /* Soulver */;
			projectDirPath = "";
			projectRoot = "";
			targets = (
				8C5E58092DC346F200A1648E /* MathEdit */,
			);
		};
/* End PBXProject section */

/* Begin PBXResourcesBuildPhase section */
		8C5E581F2DC346F200A1648E /* Resources */ = {
			isa = PBXResourcesBuildPhase;
			buildActionMask = 2147483647;
			files = (
				8C5E58232DC346F200A1648E /* TestsIntegration-DiskRep.txt in Resources */,
				8C5E58242DC346F200A1648E /* TestsIntegration-DisplayRep.rtf in Resources */,
				8C5E58252DC346F200A1648E /* TestsIntegration-SolvedRep.rtf in Resources */,
				8C5E58262DC346F200A1648E /* TestsIntegration-UnsolvedRep.rtf in Resources */,
				8C5E582A2DC346F200A1648E /* Localizable.strings in Resources */,
				8C5E582C2DC346F200A1648E /* TestUnitBezierPath-MANUAL.tiff in Resources */,
				8C5E582D2DC346F200A1648E /* TestUnitBezierPath-REAL.tiff in Resources */,
				8C4D1E002DC7D1F80060CFBA /* about-image-512.tiff in Resources */,
				8C4D1E012DC7D1F80060CFBA /* AppIcon.icns in Resources */,
				8C4D1E032DC7D1F80060CFBA /* NeXTLogoMed.tiff in Resources */,
				8C4D1E042DC7D1F80060CFBA /* TagLine.tiff in Resources */,
				8C9AD7CC2E06488400DE8B5A /* ThemeAuto.tiff in Resources */,
				8C9AD7CD2E06488400DE8B5A /* ThemeAuto@2x.tiff in Resources */,
				8C9AD7CE2E06488400DE8B5A /* ThemeDark@2x.tiff in Resources */,
				8C9AD7CF2E06488400DE8B5A /* ThemeLight.tiff in Resources */,
				8C9AD7D02E06488400DE8B5A /* ThemeDark.tiff in Resources */,
				8C9AD7D12E06488400DE8B5A /* ThemeLight@2x.tiff in Resources */,
			);
			runOnlyForDeploymentPostprocessing = 0;
		};
/* End PBXResourcesBuildPhase section */

/* Begin PBXSourcesBuildPhase section */
		8C5E582E2DC346F200A1648E /* Sources */ = {
			isa = PBXSourcesBuildPhase;
			buildActionMask = 2147483647;
			files = (
				8C5E582F2DC346F200A1648E /* main.m in Sources */,
				8C5E58302DC346F200A1648E /* NSUserDefaults+Soulver.m in Sources */,
				8C5E58312DC346F200A1648E /* MATHAccessoryWindowsOwner.m in Sources */,
				8CB5C5132DED604600CDE1DF /* MATHAccessoryWindowViews.m in Sources */,
				8C5E58322DC346F200A1648E /* MATHAppDelegate.m in Sources */,
				8C5E58332DC346F200A1648E /* MATHDocument.m in Sources */,
				8C5E58342DC346F200A1648E /* MATHDocumentModelController.m in Sources */,
				8C5E58352DC346F200A1648E /* MATHDocumentViewController.m in Sources */,
				8C5E58372DC346F200A1648E /* SVRSolver.m in Sources */,
				8C5E58382DC346F200A1648E /* SVRSolverExpressionTagger.m in Sources */,
				8C5E58392DC346F200A1648E /* SVRSolverScanner.m in Sources */,
				8C5E583A2DC346F200A1648E /* SVRSolverSolutionTagger.m in Sources */,
				8C5E583B2DC346F200A1648E /* SVRSolverStyler.m in Sources */,
				8C5E583C2DC346F200A1648E /* SVRSolverTextAttachment.m in Sources */,
				8C5E583D2DC346F200A1648E /* TestsIntegration.m in Sources */,
				8C5E583E2DC346F200A1648E /* TestsUnit.m in Sources */,
				8C5E583F2DC346F200A1648E /* XPCrossPlatform.m in Sources */,
				8C5E58402DC346F200A1648E /* XPDocument.m in Sources */,
				8C5E58412DC346F200A1648E /* XPRegularExpression.m in Sources */,
				8C5E58422DC346F200A1648E /* slre.c in Sources */,
			);
			runOnlyForDeploymentPostprocessing = 0;
		};
/* End PBXSourcesBuildPhase section */

/* Begin PBXVariantGroup section */
		8CD62EC02D91DF730000020F /* Localizable.strings */ = {
			isa = PBXVariantGroup;
			children = (
				8CD62EC12D91DF730000020F /* English */,
			);
			name = Localizable.strings;
			sourceTree = "<group>";
		};
/* End PBXVariantGroup section */

/* Begin XCBuildConfiguration section */
		8C0754162E1A603E0066D73A /* Release */ = {
			isa = XCBuildConfiguration;
			baseConfigurationReference = 8C0754152E1A5FFE0066D73A /* PBBase.xcconfig */;
			buildSettings = {
			};
			name = Release;
		};
		8C0754172E1A603E0066D73A /* Release */ = {
			isa = XCBuildConfiguration;
			baseConfigurationReference = 8C0754132E1A5FFC0066D73A /* PBRelease.xcconfig */;
			buildSettings = {
			};
			name = Release;
		};
		8C0A75882DC107FF0064EDCA /* Debug */ = {
			isa = XCBuildConfiguration;
			baseConfigurationReference = 8C0754152E1A5FFE0066D73A /* PBBase.xcconfig */;
			buildSettings = {
			};
			name = Debug;
		};
		8C5E58462DC346F200A1648E /* Debug */ = {
			isa = XCBuildConfiguration;
			baseConfigurationReference = 8C0754142E1A5FFE0066D73A /* PBDebug.xcconfig */;
			buildSettings = {
			};
			name = Debug;
		};
/* End XCBuildConfiguration section */

/* Begin XCConfigurationList section */
		8C0A75872DC107FF0064EDCA /* Build configuration list for PBXProject "PBX15" */ = {
			isa = XCConfigurationList;
			buildConfigurations = (
				8C0A75882DC107FF0064EDCA /* Debug */,
				8C0754162E1A603E0066D73A /* Release */,
			);
			defaultConfigurationIsVisible = 0;
			defaultConfigurationName = Debug;
		};
		8C5E58452DC346F200A1648E /* Build configuration list for PBXNativeTarget "MathEdit" */ = {
			isa = XCConfigurationList;
			buildConfigurations = (
				8C5E58462DC346F200A1648E /* Debug */,
				8C0754172E1A603E0066D73A /* Release */,
			);
			defaultConfigurationIsVisible = 0;
			defaultConfigurationName = Debug;
		};
/* End XCConfigurationList section */
	};
	rootObject = 2A37F4A9FDCFA73011CA2CEA /* Project object */;
}
