// !$*UTF8*$!
{
	archiveVersion = 1;
	classes = {
	};
	objectVersion = 38;
	objects = {
		1058C7A6FEA54F5311CA2CBB = {
			children = (
				1058C7A7FEA54F5311CA2CBB,
			);
			isa = PBXGroup;
			name = "Linked Frameworks";
			refType = 4;
		};
		1058C7A7FEA54F5311CA2CBB = {
			isa = PBXFrameworkReference;
			name = Cocoa.framework;
			path = /System/Library/Frameworks/Cocoa.framework;
			refType = 0;
		};
		1058C7A8FEA54F5311CA2CBB = {
			children = (
				2A37F4C5FDCFA73011CA2CEA,
				2A37F4C4FDCFA73011CA2CEA,
			);
			isa = PBXGroup;
			name = "Other Frameworks";
			refType = 4;
		};
		1058C7A9FEA54F5311CA2CBB = {
			fileRef = 1058C7A7FEA54F5311CA2CBB;
			isa = PBXBuildFile;
			settings = {
			};
		};
//100
//101
//102
//103
//104
//170
//171
//172
//173
//174
		1758732AFF379DA111CA2CBB = {
			isa = PBXApplicationReference;
			path = MathEdit.app;
			refType = 3;
		};
//170
//171
//172
//173
//174
//190
//191
//192
//193
//194
		19C28FB0FE9D524F11CA2CBB = {
			children = (
				1758732AFF379DA111CA2CBB,
			);
			isa = PBXGroup;
			name = Products;
			refType = 4;
		};
//190
//191
//192
//193
//194
//2A0
//2A1
//2A2
//2A3
//2A4
		2A37F4A9FDCFA73011CA2CEA = {
			buildStyles = (
				4A9504D0FFE6A4CB11CA0CBA,
				4A9504D1FFE6A4CB11CA0CBA,
			);
			hasScannedForEncodings = 1;
			isa = PBXProject;
			mainGroup = 2A37F4AAFDCFA73011CA2CEA;
			projectDirPath = "";
			targets = (
				2A37F4C6FDCFA73011CA2CEA,
			);
		};
		2A37F4AAFDCFA73011CA2CEA = {
			children = (
				2A37F4ABFDCFA73011CA2CEA,
				8CD62EAF2D91DD0F0000020F,
				2A37F4AFFDCFA73011CA2CEA,
				8CD62EAE2D91DCFD0000020F,
				8C962DC52E1C031800A80066,
				2A37F4B8FDCFA73011CA2CEA,
				8CD62EB02D91DD420000020F,
				2A37F4C3FDCFA73011CA2CEA,
				19C28FB0FE9D524F11CA2CBB,
			);
			isa = PBXGroup;
			name = MathEdit;
			path = "";
			refType = 4;
		};
		2A37F4ABFDCFA73011CA2CEA = {
			children = (
				8CD62E5D2D91DCDF0000020F,
				8CD62E5E2D91DCDF0000020F,
				8C98C9E72DEC210800A80066,
				8C98C9E82DEC210800A80066,
				8CD62E5B2D91DCDF0000020F,
				8CD62E5C2D91DCDF0000020F,
				8CD62E5F2D91DCDF0000020F,
				8CD62E602D91DCDF0000020F,
				8CD62E612D91DCDF0000020F,
				8CD62E622D91DCDF0000020F,
				8CD62E632D91DCDF0000020F,
				8CD62E642D91DCDF0000020F,
				8CD62E672D91DCDF0000020F,
				8CD62E682D91DCDF0000020F,
				8CD62E692D91DCDF0000020F,
				8CD62E6A2D91DCDF0000020F,
				8CD62E6B2D91DCDF0000020F,
				8CD62E6C2D91DCE00000020F,
				8CD62E6D2D91DCE00000020F,
				8CD62E6E2D91DCE00000020F,
				8CD62E6F2D91DCE00000020F,
				8CD62E702D91DCE00000020F,
				8CD62E712D91DCE00000020F,
				8CD62E722D91DCE00000020F,
				8CD62E7B2D91DCE00000020F,
				8CD62E7C2D91DCE00000020F,
				8CD62E7D2D91DCE00000020F,
				8CD62E7E2D91DCE00000020F,
				8CD62E7F2D91DCE00000020F,
				8CD62E802D91DCE00000020F,
				8CD62E592D91DCDF0000020F,
				8CD62E5A2D91DCDF0000020F,
				8CD62EB32D91DDEB0000020F,
				8CD62EB42D91DDEB0000020F,
			);
			isa = PBXGroup;
			name = Classes;
			path = "";
			refType = 4;
		};
		2A37F4AFFDCFA73011CA2CEA = {
			children = (
				8CD62E502D91DB730000020F,
			);
			isa = PBXGroup;
			name = "Other Sources";
			path = "";
			refType = 4;
		};
		2A37F4B8FDCFA73011CA2CEA = {
			children = (
				8C9622B92E2A860000A80066,
				8CD62EC02D91DF730000020F,
			);
			isa = PBXGroup;
			name = Resources;
			path = "";
			refType = 4;
		};
		2A37F4C3FDCFA73011CA2CEA = {
			children = (
				1058C7A6FEA54F5311CA2CBB,
				1058C7A8FEA54F5311CA2CBB,
			);
			isa = PBXGroup;
			name = Frameworks;
			path = "";
			refType = 4;
		};
		2A37F4C4FDCFA73011CA2CEA = {
			isa = PBXFrameworkReference;
			name = AppKit.framework;
			path = /System/Library/Frameworks/AppKit.framework;
			refType = 0;
		};
		2A37F4C5FDCFA73011CA2CEA = {
			isa = PBXFrameworkReference;
			name = Foundation.framework;
			path = /System/Library/Frameworks/Foundation.framework;
			refType = 0;
		};
		2A37F4C6FDCFA73011CA2CEA = {
			buildPhases = (
				2A37F4C7FDCFA73011CA2CEA,
				2A37F4C9FDCFA73011CA2CEA,
				2A37F4CEFDCFA73011CA2CEA,
				2A37F4D1FDCFA73011CA2CEA,
			);
			buildSettings = {
				FRAMEWORK_SEARCH_PATHS = "";
				GCC_NO_COMMON_BLOCKS = YES;
				GCC_TREAT_IMPLICIT_FUNCTION_DECLARATIONS_AS_ERRORS = YES;
				GCC_TREAT_NONCONFORMANT_CODE_ERRORS_AS_WARNINGS = YES;
				GCC_USE_GCC3_PFE_SUPPORT = NO;
				GCC_WARN_64_TO_32_BIT_CONVERSION = YES;
				GCC_WARN_ABOUT_MISSING_FIELD_INITIALIZERS = YES;
				GCC_WARN_ABOUT_MISSING_NEWLINE = YES;
				GCC_WARN_ABOUT_MISSING_PROTOTYPES = YES;
				GCC_WARN_ABOUT_RETURN_TYPE = YES;
				GCC_WARN_CHECK_SWITCH_STATEMENTS = YES;
				GCC_WARN_EFFECTIVE_CPLUSPLUS_VIOLATIONS = YES;
				GCC_WARN_FOUR_CHARACTER_CONSTANTS = YES;
				GCC_WARN_INITIALIZER_NOT_FULLY_BRACKETED = YES;
				GCC_WARN_MISSING_PARENTHESES = YES;
				GCC_WARN_PEDANTIC = NO;
				GCC_WARN_SHADOW = YES;
				GCC_WARN_SIGN_COMPARE = YES;
				GCC_WARN_STRICT_SELECTOR_MATCH = NO;
				GCC_WARN_TYPECHECK_CALLS_TO_PRINTF = YES;
				GCC_WARN_UNDECLARED_SELECTOR = YES;
				GCC_WARN_UNINITIALIZED_AUTOS = YES_AGGRESSIVE;
				GCC_WARN_UNKNOWN_PRAGMAS = YES;
				GCC_WARN_UNUSED_FUNCTION = YES;
				GCC_WARN_UNUSED_LABEL = YES;
				GCC_WARN_UNUSED_PARAMETER = NO;
				GCC_WARN_UNUSED_VALUE = YES;
				GCC_WARN_UNUSED_VARIABLE = YES;
				HEADER_SEARCH_PATHS = "";
				INSTALL_PATH = "$(HOME)/Applications";
				LIBRARY_SEARCH_PATHS = "";
				OTHER_LDFLAGS = "";
				PRODUCT_NAME = MathEdit;
				SECTORDER_FLAGS = "";
				USE_GCC3_PFE_SUPPORT = NO;
				WARNING_CFLAGS = "-Wmost -Wno-four-char-constants -Wno-unknown-pragmas";
				WRAPPER_EXTENSION = app;
			};
			dependencies = (
			);
			isa = PBXApplicationTarget;
			name = MathEdit;
			productInstallPath = "$(HOME)/Applications";
			productName = MathEdit;
			productReference = 1758732AFF379DA111CA2CBB;
			productSettingsXML = "<?xml version=\"1.0\" encoding=\"UTF-8\"?>
<!DOCTYPE plist PUBLIC \"-//Apple Computer//DTD PLIST 1.0//EN\" \"http://www.apple.com/DTDs/PropertyList-1.0.dtd\">
<plist version=\"1.0\">
<dict>
	<key>CFBundleDevelopmentRegion</key>
	<string>English</string>
	<key>CFBundleDocumentTypes</key>
	<array>
		<dict>
			<key>CFBundleTypeExtensions</key>
			<array>
				<string>mtxt</string>
			</array>
			<key>CFBundleTypeMIMETypes</key>
			<array>
				<string>text/plain</string>
			</array>
			<key>CFBundleTypeName</key>
			<string>com.saturdayapps.mathedit.plain</string>
			<key>CFBundleTypeOSTypes</key>
			<array>
				<string>TEXT</string>
			</array>
			<key>CFBundleTypeRole</key>
			<string>Editor</string>
			<key>LSHandlerRank</key>
			<string>Owner</string>
			<key>LSItemContentTypes</key>
			<array>
				<string>com.saturdayapps.mathedit.plain</string>
			</array>
			<key>NSDocumentClass</key>
			<string>MATHDocument</string>
			<key>NSExportableAs</key>
			<array>
				<string>NSRTFDPboardType</string>
				<string>NSStringPboardType</string>
			</array>
			<key>NSUbiquitousDocumentUserActivityType</key>
			<string>com.saturdayapps.mathedit.plain</string>
		</dict>
	</array>
	<key>CFBundleExecutable</key>
	<string>MathEdit</string>
	<key>CFBundleGetInfoString</key>
	<string>MathEdit for OpenStep</string>
	<key>CFBundleIconFile</key>
	<string></string>
	<key>CFBundleInfoDictionaryVersion</key>
	<string>6.0</string>
	<key>CFBundleName</key>
	<string>MathEdit</string>
	<key>CFBundlePackageType</key>
	<string>APPL</string>
	<key>CFBundleShortVersionString</key>
	<string>1.0.0</string>
	<key>CFBundleVersion</key>
	<string>1.0.0</string>
	<key>NSPrincipalClass</key>
	<string>NSApplication</string>
	<key>UTExportedTypeDeclarations</key>
	<array>
		<dict>
			<key>UTTypeConformsTo</key>
			<array>
				<string>public.content</string>
				<string>public.text</string>
				<string>public.plain-text</string>
			</array>
			<key>UTTypeIdentifier</key>
			<string>com.saturdayapps.mathedit.plain</string>
			<key>UTTypeTagSpecification</key>
			<dict>
				<key>public.filename-extension</key>
				<array>
					<string>mtxt</string>
					<string>txt</string>
				</array>
				<key>public.mime-type</key>
				<string>application/mathedit</string>
			</dict>
		</dict>
	</array>
</dict>
</plist>
";
		};
		2A37F4C7FDCFA73011CA2CEA = {
			buildActionMask = 2147483647;
			files = (
				8CD62E862D91DCE00000020F,
				8CD62E882D91DCE00000020F,
				8CD62E8A2D91DCE00000020F,
				8CD62E8C2D91DCE00000020F,
				8CD62E8E2D91DCE00000020F,
				8CD62E902D91DCE00000020F,
				8CD62E942D91DCE00000020F,
				8CD62E962D91DCE00000020F,
				8CD62E982D91DCE00000020F,
				8CD62E9A2D91DCE00000020F,
				8CD62E9C2D91DCE00000020F,
				8CD62E9E2D91DCE00000020F,
				8CD62EA42D91DCE00000020F,
				8CD62EA62D91DCE00000020F,
				8CD62EA82D91DCE00000020F,
				8CD62EAA2D91DCE00000020F,
				8CD62EAC2D91DCE00000020F,
				8CD62EB62D91DDEB0000020F,
				8C98C9E92DEC210800A80066,
			);
			isa = PBXHeadersBuildPhase;
			runOnlyForDeploymentPostprocessing = 0;
		};
		2A37F4C9FDCFA73011CA2CEA = {
			buildActionMask = 2147483647;
			files = (
				8CD62EA02D91DCE00000020F,
				8CD62EA12D91DCE00000020F,
				8CD62EA22D91DCE00000020F,
				8CD62EA32D91DCE00000020F,
				8CD62EC22D91DF730000020F,
				8C9C62902DC7C9F600A80066,
				8C9C62922DC7C9F600A80066,
				8C9C62932DC7C9F600A80066,
				8C973EB02E06515E00A80066,
				8C973EB12E06515E00A80066,
				8C973EB22E06515E00A80066,
				8C973EB32E06515E00A80066,
				8C973EB42E06515E00A80066,
				8C973EB52E06515E00A80066,
				8C9622BB2E2A860000A80066,
			);
			isa = PBXResourcesBuildPhase;
			runOnlyForDeploymentPostprocessing = 0;
		};
		2A37F4CEFDCFA73011CA2CEA = {
			buildActionMask = 2147483647;
			files = (
				8CD62E512D91DB730000020F,
				8CD62E872D91DCE00000020F,
				8CD62E892D91DCE00000020F,
				8CD62E8B2D91DCE00000020F,
				8CD62E8D2D91DCE00000020F,
				8CD62E8F2D91DCE00000020F,
				8CD62E912D91DCE00000020F,
				8CD62E952D91DCE00000020F,
				8CD62E972D91DCE00000020F,
				8CD62E992D91DCE00000020F,
				8CD62E9B2D91DCE00000020F,
				8CD62E9D2D91DCE00000020F,
				8CD62E9F2D91DCE00000020F,
				8CD62EA52D91DCE00000020F,
				8CD62EA72D91DCE00000020F,
				8CD62EA92D91DCE00000020F,
				8CD62EAB2D91DCE00000020F,
				8CD62EAD2D91DCE00000020F,
				8CD62EB52D91DDEB0000020F,
				8C98C9EA2DEC210800A80066,
			);
			isa = PBXSourcesBuildPhase;
			runOnlyForDeploymentPostprocessing = 0;
		};
		2A37F4D1FDCFA73011CA2CEA = {
			buildActionMask = 2147483647;
			files = (
				1058C7A9FEA54F5311CA2CBB,
			);
			isa = PBXFrameworksBuildPhase;
			runOnlyForDeploymentPostprocessing = 0;
		};
//2A0
//2A1
//2A2
//2A3
//2A4
//4A0
//4A1
//4A2
//4A3
//4A4
		4A9504D0FFE6A4CB11CA0CBA = {
			buildRules = (
			);
			buildSettings = {
				COPY_PHASE_STRIP = NO;
				OPTIMIZATION_CFLAGS = "-O0";
				OTHER_CFLAGS = "-DDEBUG -DLOGLEVEL=2 -DTESTING=1";
			};
			isa = PBXBuildStyle;
			name = Debug;
		};
		4A9504D1FFE6A4CB11CA0CBA = {
			buildRules = (
			);
			buildSettings = {
				COPY_PHASE_STRIP = YES;
				OPTIMIZATION_CFLAGS = "-O3";
			};
			isa = PBXBuildStyle;
			name = Release;
		};
//4A0
//4A1
//4A2
//4A3
//4A4
//8C0
//8C1
//8C2
//8C3
//8C4
		8C9622B92E2A860000A80066 = {
			children = (
				8C9622BA2E2A860000A80066,
			);
			isa = PBXVariantGroup;
			name = InfoPlist.strings;
			path = "";
			refType = 4;
		};
		8C9622BA2E2A860000A80066 = {
			fileEncoding = 30;
			isa = PBXFileReference;
			name = English;
			path = English.lproj/InfoPlist.strings;
			refType = 4;
		};
		8C9622BB2E2A860000A80066 = {
			fileRef = 8C9622B92E2A860000A80066;
			isa = PBXBuildFile;
			settings = {
			};
		};
		8C962DC52E1C031800A80066 = {
			children = (
				8C962DC62E1C040400A80066,
				8C962DC72E1C040400A80066,
				8C962DC82E1C040500A80066,
				8C962DC92E1C040500A80066,
				8C962DCA2E1C040500A80066,
			);
			isa = PBXGroup;
			name = XCConfig;
			refType = 4;
		};
		8C962DC62E1C040400A80066 = {
			fileEncoding = 30;
			isa = PBXFileReference;
			name = Info.plist;
			path = PB.xcconfig/Info.plist;
			refType = 4;
		};
		8C962DC72E1C040400A80066 = {
			fileEncoding = 30;
			isa = PBXFileReference;
			name = PB.entitlements;
			path = PB.xcconfig/PB.entitlements;
			refType = 4;
		};
		8C962DC82E1C040500A80066 = {
			fileEncoding = 30;
			isa = PBXFileReference;
			name = PBBase.xcconfig;
			path = PB.xcconfig/PBBase.xcconfig;
			refType = 4;
		};
		8C962DC92E1C040500A80066 = {
			fileEncoding = 30;
			isa = PBXFileReference;
			name = PBDebug.xcconfig;
			path = PB.xcconfig/PBDebug.xcconfig;
			refType = 4;
		};
		8C962DCA2E1C040500A80066 = {
			fileEncoding = 30;
			isa = PBXFileReference;
			name = PBRelease.xcconfig;
			path = PB.xcconfig/PBRelease.xcconfig;
			refType = 4;
		};
		8C973EAA2E06515E00A80066 = {
			isa = PBXFileReference;
			name = ThemeAuto.tiff;
			path = Images/ThemeAuto.tiff;
			refType = 4;
		};
		8C973EAB2E06515E00A80066 = {
			isa = PBXFileReference;
			name = "ThemeAuto@2x.tiff";
			path = "Images/ThemeAuto@2x.tiff";
			refType = 4;
		};
		8C973EAC2E06515E00A80066 = {
			isa = PBXFileReference;
			name = ThemeDark.tiff;
			path = Images/ThemeDark.tiff;
			refType = 4;
		};
		8C973EAD2E06515E00A80066 = {
			isa = PBXFileReference;
			name = "ThemeDark@2x.tiff";
			path = "Images/ThemeDark@2x.tiff";
			refType = 4;
		};
		8C973EAE2E06515E00A80066 = {
			isa = PBXFileReference;
			name = ThemeLight.tiff;
			path = Images/ThemeLight.tiff;
			refType = 4;
		};
		8C973EAF2E06515E00A80066 = {
			isa = PBXFileReference;
			name = "ThemeLight@2x.tiff";
			path = "Images/ThemeLight@2x.tiff";
			refType = 4;
		};
		8C973EB02E06515E00A80066 = {
			fileRef = 8C973EAA2E06515E00A80066;
			isa = PBXBuildFile;
			settings = {
			};
		};
		8C973EB12E06515E00A80066 = {
			fileRef = 8C973EAB2E06515E00A80066;
			isa = PBXBuildFile;
			settings = {
			};
		};
		8C973EB22E06515E00A80066 = {
			fileRef = 8C973EAC2E06515E00A80066;
			isa = PBXBuildFile;
			settings = {
			};
		};
		8C973EB32E06515E00A80066 = {
			fileRef = 8C973EAD2E06515E00A80066;
			isa = PBXBuildFile;
			settings = {
			};
		};
		8C973EB42E06515E00A80066 = {
			fileRef = 8C973EAE2E06515E00A80066;
			isa = PBXBuildFile;
			settings = {
			};
		};
		8C973EB52E06515E00A80066 = {
			fileRef = 8C973EAF2E06515E00A80066;
			isa = PBXBuildFile;
			settings = {
			};
		};
		8C98C9E72DEC210800A80066 = {
			fileEncoding = 30;
			isa = PBXFileReference;
			path = MATHAccessoryWindowViews.h;
			refType = 4;
		};
		8C98C9E82DEC210800A80066 = {
			fileEncoding = 30;
			isa = PBXFileReference;
			path = MATHAccessoryWindowViews.m;
			refType = 4;
		};
		8C98C9E92DEC210800A80066 = {
			fileRef = 8C98C9E72DEC210800A80066;
			isa = PBXBuildFile;
			settings = {
			};
		};
		8C98C9EA2DEC210800A80066 = {
			fileRef = 8C98C9E82DEC210800A80066;
			isa = PBXBuildFile;
			settings = {
			};
		};
		8C9C628B2DC7C9F600A80066 = {
			isa = PBXFileReference;
			name = "about-image-512.tiff";
			path = "Images/about-image-512.tiff";
			refType = 2;
		};
		8C9C628D2DC7C9F600A80066 = {
			isa = PBXFileReference;
			name = NeXTLogoMed.tiff;
			path = Images/NeXTLogoMed.tiff;
			refType = 2;
		};
		8C9C628E2DC7C9F600A80066 = {
			isa = PBXFileReference;
			name = TagLine.tiff;
			path = Images/TagLine.tiff;
			refType = 2;
		};
		8C9C62902DC7C9F600A80066 = {
			fileRef = 8C9C628B2DC7C9F600A80066;
			isa = PBXBuildFile;
			settings = {
			};
		};
		8C9C62922DC7C9F600A80066 = {
			fileRef = 8C9C628D2DC7C9F600A80066;
			isa = PBXBuildFile;
			settings = {
			};
		};
		8C9C62932DC7C9F600A80066 = {
			fileRef = 8C9C628E2DC7C9F600A80066;
			isa = PBXBuildFile;
			settings = {
			};
		};
		8CD62E502D91DB730000020F = {
			fileEncoding = 30;
			isa = PBXFileReference;
			path = main.m;
			refType = 4;
		};
		8CD62E512D91DB730000020F = {
			fileRef = 8CD62E502D91DB730000020F;
			isa = PBXBuildFile;
			settings = {
			};
		};
		8CD62E552D91DCDF0000020F = {
			isa = PBXFileReference;
			path = "Import Log.rtf";
			refType = 4;
		};
		8CD62E562D91DCDF0000020F = {
			fileEncoding = 30;
			isa = PBXFileReference;
			path = Makefile;
			refType = 4;
		};
		8CD62E572D91DCDF0000020F = {
			fileEncoding = 30;
			isa = PBXFileReference;
			path = Makefile.postamble;
			refType = 4;
		};
		8CD62E582D91DCDF0000020F = {
			fileEncoding = 30;
			isa = PBXFileReference;
			path = Makefile.preamble;
			refType = 4;
		};
		8CD62E592D91DCDF0000020F = {
			fileEncoding = 30;
			isa = PBXFileReference;
			path = "NSUserDefaults+MathEdit.h";
			refType = 4;
		};
		8CD62E5A2D91DCDF0000020F = {
			fileEncoding = 30;
			isa = PBXFileReference;
			path = "NSUserDefaults+MathEdit.m";
			refType = 4;
		};
		8CD62E5B2D91DCDF0000020F = {
			fileEncoding = 30;
			isa = PBXFileReference;
			path = MATHAccessoryWindowsOwner.h;
			refType = 4;
		};
		8CD62E5C2D91DCDF0000020F = {
			fileEncoding = 30;
			isa = PBXFileReference;
			path = MATHAccessoryWindowsOwner.m;
			refType = 4;
		};
		8CD62E5D2D91DCDF0000020F = {
			fileEncoding = 30;
			isa = PBXFileReference;
			path = MATHAppDelegate.h;
			refType = 4;
		};
		8CD62E5E2D91DCDF0000020F = {
			fileEncoding = 30;
			isa = PBXFileReference;
			path = MATHAppDelegate.m;
			refType = 4;
		};
		8CD62E5F2D91DCDF0000020F = {
			fileEncoding = 30;
			isa = PBXFileReference;
			path = MATHDocument.h;
			refType = 4;
		};
		8CD62E602D91DCDF0000020F = {
			fileEncoding = 30;
			isa = PBXFileReference;
			path = MATHDocument.m;
			refType = 4;
		};
		8CD62E612D91DCDF0000020F = {
			fileEncoding = 30;
			isa = PBXFileReference;
			path = MATHDocumentModelController.h;
			refType = 4;
		};
		8CD62E622D91DCDF0000020F = {
			fileEncoding = 30;
			isa = PBXFileReference;
			path = MATHDocumentModelController.m;
			refType = 4;
		};
		8CD62E632D91DCDF0000020F = {
			fileEncoding = 30;
			isa = PBXFileReference;
			path = MATHDocumentViewController.h;
			refType = 4;
		};
		8CD62E642D91DCDF0000020F = {
			fileEncoding = 30;
			isa = PBXFileReference;
			path = MATHDocumentViewController.m;
			refType = 4;
		};
		8CD62E672D91DCDF0000020F = {
			fileEncoding = 30;
			isa = PBXFileReference;
			path = MATHSolver.h;
			refType = 4;
		};
		8CD62E682D91DCDF0000020F = {
			fileEncoding = 30;
			isa = PBXFileReference;
			path = MATHSolver.m;
			refType = 4;
		};
		8CD62E692D91DCDF0000020F = {
			fileEncoding = 30;
			isa = PBXFileReference;
			path = MATHSolverExpressionTagger.h;
			refType = 4;
		};
		8CD62E6A2D91DCDF0000020F = {
			fileEncoding = 30;
			isa = PBXFileReference;
			path = MATHSolverExpressionTagger.m;
			refType = 4;
		};
		8CD62E6B2D91DCDF0000020F = {
			fileEncoding = 30;
			isa = PBXFileReference;
			path = MATHSolverScanner.h;
			refType = 4;
		};
		8CD62E6C2D91DCE00000020F = {
			fileEncoding = 30;
			isa = PBXFileReference;
			path = MATHSolverScanner.m;
			refType = 4;
		};
		8CD62E6D2D91DCE00000020F = {
			fileEncoding = 30;
			isa = PBXFileReference;
			path = MATHSolverSolutionTagger.h;
			refType = 4;
		};
		8CD62E6E2D91DCE00000020F = {
			fileEncoding = 30;
			isa = PBXFileReference;
			path = MATHSolverSolutionTagger.m;
			refType = 4;
		};
		8CD62E6F2D91DCE00000020F = {
			fileEncoding = 30;
			isa = PBXFileReference;
			path = MATHSolverStyler.h;
			refType = 4;
		};
		8CD62E702D91DCE00000020F = {
			fileEncoding = 30;
			isa = PBXFileReference;
			path = MATHSolverStyler.m;
			refType = 4;
		};
		8CD62E712D91DCE00000020F = {
			fileEncoding = 30;
			isa = PBXFileReference;
			path = MATHSolverTextAttachment.h;
			refType = 4;
		};
		8CD62E722D91DCE00000020F = {
			fileEncoding = 30;
			isa = PBXFileReference;
			path = MATHSolverTextAttachment.m;
			refType = 4;
		};
		8CD62E732D91DCE00000020F = {
			fileEncoding = 30;
			isa = PBXFileReference;
			path = "TestsIntegration-DiskRep.txt";
			refType = 4;
		};
		8CD62E742D91DCE00000020F = {
			isa = PBXFileReference;
			path = "TestsIntegration-DisplayRep.rtf";
			refType = 4;
		};
		8CD62E752D91DCE00000020F = {
			isa = PBXFileReference;
			path = "TestsIntegration-SolvedRep.rtf";
			refType = 4;
		};
		8CD62E762D91DCE00000020F = {
			isa = PBXFileReference;
			path = "TestsIntegration-UnsolvedRep.rtf";
			refType = 4;
		};
		8CD62E772D91DCE00000020F = {
			fileEncoding = 30;
			isa = PBXFileReference;
			path = TestsIntegration.h;
			refType = 4;
		};
		8CD62E782D91DCE00000020F = {
			fileEncoding = 30;
			isa = PBXFileReference;
			path = TestsIntegration.m;
			refType = 4;
		};
		8CD62E792D91DCE00000020F = {
			fileEncoding = 30;
			isa = PBXFileReference;
			path = TestsUnit.h;
			refType = 4;
		};
		8CD62E7A2D91DCE00000020F = {
			fileEncoding = 30;
			isa = PBXFileReference;
			path = TestsUnit.m;
			refType = 4;
		};
		8CD62E7B2D91DCE00000020F = {
			fileEncoding = 30;
			isa = PBXFileReference;
			path = XPCrossPlatform.h;
			refType = 4;
		};
		8CD62E7C2D91DCE00000020F = {
			fileEncoding = 30;
			isa = PBXFileReference;
			path = XPCrossPlatform.m;
			refType = 4;
		};
		8CD62E7D2D91DCE00000020F = {
			fileEncoding = 30;
			isa = PBXFileReference;
			path = XPDocument.h;
			refType = 4;
		};
		8CD62E7E2D91DCE00000020F = {
			fileEncoding = 30;
			isa = PBXFileReference;
			path = XPDocument.m;
			refType = 4;
		};
		8CD62E7F2D91DCE00000020F = {
			fileEncoding = 30;
			isa = PBXFileReference;
			path = XPRegularExpression.h;
			refType = 4;
		};
		8CD62E802D91DCE00000020F = {
			fileEncoding = 30;
			isa = PBXFileReference;
			path = XPRegularExpression.m;
			refType = 4;
		};
		8CD62E862D91DCE00000020F = {
			fileRef = 8CD62E592D91DCDF0000020F;
			isa = PBXBuildFile;
			settings = {
			};
		};
		8CD62E872D91DCE00000020F = {
			fileRef = 8CD62E5A2D91DCDF0000020F;
			isa = PBXBuildFile;
			settings = {
			};
		};
		8CD62E882D91DCE00000020F = {
			fileRef = 8CD62E5B2D91DCDF0000020F;
			isa = PBXBuildFile;
			settings = {
			};
		};
		8CD62E892D91DCE00000020F = {
			fileRef = 8CD62E5C2D91DCDF0000020F;
			isa = PBXBuildFile;
			settings = {
			};
		};
		8CD62E8A2D91DCE00000020F = {
			fileRef = 8CD62E5D2D91DCDF0000020F;
			isa = PBXBuildFile;
			settings = {
			};
		};
		8CD62E8B2D91DCE00000020F = {
			fileRef = 8CD62E5E2D91DCDF0000020F;
			isa = PBXBuildFile;
			settings = {
			};
		};
		8CD62E8C2D91DCE00000020F = {
			fileRef = 8CD62E5F2D91DCDF0000020F;
			isa = PBXBuildFile;
			settings = {
			};
		};
		8CD62E8D2D91DCE00000020F = {
			fileRef = 8CD62E602D91DCDF0000020F;
			isa = PBXBuildFile;
			settings = {
			};
		};
		8CD62E8E2D91DCE00000020F = {
			fileRef = 8CD62E612D91DCDF0000020F;
			isa = PBXBuildFile;
			settings = {
			};
		};
		8CD62E8F2D91DCE00000020F = {
			fileRef = 8CD62E622D91DCDF0000020F;
			isa = PBXBuildFile;
			settings = {
			};
		};
		8CD62E902D91DCE00000020F = {
			fileRef = 8CD62E632D91DCDF0000020F;
			isa = PBXBuildFile;
			settings = {
			};
		};
		8CD62E912D91DCE00000020F = {
			fileRef = 8CD62E642D91DCDF0000020F;
			isa = PBXBuildFile;
			settings = {
			};
		};
		8CD62E942D91DCE00000020F = {
			fileRef = 8CD62E672D91DCDF0000020F;
			isa = PBXBuildFile;
			settings = {
			};
		};
		8CD62E952D91DCE00000020F = {
			fileRef = 8CD62E682D91DCDF0000020F;
			isa = PBXBuildFile;
			settings = {
			};
		};
		8CD62E962D91DCE00000020F = {
			fileRef = 8CD62E692D91DCDF0000020F;
			isa = PBXBuildFile;
			settings = {
			};
		};
		8CD62E972D91DCE00000020F = {
			fileRef = 8CD62E6A2D91DCDF0000020F;
			isa = PBXBuildFile;
			settings = {
			};
		};
		8CD62E982D91DCE00000020F = {
			fileRef = 8CD62E6B2D91DCDF0000020F;
			isa = PBXBuildFile;
			settings = {
			};
		};
		8CD62E992D91DCE00000020F = {
			fileRef = 8CD62E6C2D91DCE00000020F;
			isa = PBXBuildFile;
			settings = {
			};
		};
		8CD62E9A2D91DCE00000020F = {
			fileRef = 8CD62E6D2D91DCE00000020F;
			isa = PBXBuildFile;
			settings = {
			};
		};
		8CD62E9B2D91DCE00000020F = {
			fileRef = 8CD62E6E2D91DCE00000020F;
			isa = PBXBuildFile;
			settings = {
			};
		};
		8CD62E9C2D91DCE00000020F = {
			fileRef = 8CD62E6F2D91DCE00000020F;
			isa = PBXBuildFile;
			settings = {
			};
		};
		8CD62E9D2D91DCE00000020F = {
			fileRef = 8CD62E702D91DCE00000020F;
			isa = PBXBuildFile;
			settings = {
			};
		};
		8CD62E9E2D91DCE00000020F = {
			fileRef = 8CD62E712D91DCE00000020F;
			isa = PBXBuildFile;
			settings = {
			};
		};
		8CD62E9F2D91DCE00000020F = {
			fileRef = 8CD62E722D91DCE00000020F;
			isa = PBXBuildFile;
			settings = {
			};
		};
		8CD62EA02D91DCE00000020F = {
			fileRef = 8CD62E732D91DCE00000020F;
			isa = PBXBuildFile;
			settings = {
			};
		};
		8CD62EA12D91DCE00000020F = {
			fileRef = 8CD62E742D91DCE00000020F;
			isa = PBXBuildFile;
			settings = {
			};
		};
		8CD62EA22D91DCE00000020F = {
			fileRef = 8CD62E752D91DCE00000020F;
			isa = PBXBuildFile;
			settings = {
			};
		};
		8CD62EA32D91DCE00000020F = {
			fileRef = 8CD62E762D91DCE00000020F;
			isa = PBXBuildFile;
			settings = {
			};
		};
		8CD62EA42D91DCE00000020F = {
			fileRef = 8CD62E772D91DCE00000020F;
			isa = PBXBuildFile;
			settings = {
			};
		};
		8CD62EA52D91DCE00000020F = {
			fileRef = 8CD62E782D91DCE00000020F;
			isa = PBXBuildFile;
			settings = {
			};
		};
		8CD62EA62D91DCE00000020F = {
			fileRef = 8CD62E792D91DCE00000020F;
			isa = PBXBuildFile;
			settings = {
			};
		};
		8CD62EA72D91DCE00000020F = {
			fileRef = 8CD62E7A2D91DCE00000020F;
			isa = PBXBuildFile;
			settings = {
			};
		};
		8CD62EA82D91DCE00000020F = {
			fileRef = 8CD62E7B2D91DCE00000020F;
			isa = PBXBuildFile;
			settings = {
			};
		};
		8CD62EA92D91DCE00000020F = {
			fileRef = 8CD62E7C2D91DCE00000020F;
			isa = PBXBuildFile;
			settings = {
			};
		};
		8CD62EAA2D91DCE00000020F = {
			fileRef = 8CD62E7D2D91DCE00000020F;
			isa = PBXBuildFile;
			settings = {
			};
		};
		8CD62EAB2D91DCE00000020F = {
			fileRef = 8CD62E7E2D91DCE00000020F;
			isa = PBXBuildFile;
			settings = {
			};
		};
		8CD62EAC2D91DCE00000020F = {
			fileRef = 8CD62E7F2D91DCE00000020F;
			isa = PBXBuildFile;
			settings = {
			};
		};
		8CD62EAD2D91DCE00000020F = {
			fileRef = 8CD62E802D91DCE00000020F;
			isa = PBXBuildFile;
			settings = {
			};
		};
		8CD62EAE2D91DCFD0000020F = {
			children = (
				8C9C628B2DC7C9F600A80066,
				8C9C628D2DC7C9F600A80066,
				8C9C628E2DC7C9F600A80066,
				8C973EAA2E06515E00A80066,
				8C973EAB2E06515E00A80066,
				8C973EAC2E06515E00A80066,
				8C973EAD2E06515E00A80066,
				8C973EAE2E06515E00A80066,
				8C973EAF2E06515E00A80066,
			);
			isa = PBXGroup;
			name = Images;
			refType = 4;
		};
		8CD62EAF2D91DD0F0000020F = {
			children = (
				8CD62E792D91DCE00000020F,
				8CD62E7A2D91DCE00000020F,
				8CD62E772D91DCE00000020F,
				8CD62E782D91DCE00000020F,
				8CD62E732D91DCE00000020F,
				8CD62E742D91DCE00000020F,
				8CD62E752D91DCE00000020F,
				8CD62E762D91DCE00000020F,
			);
			isa = PBXGroup;
			name = Tests;
			refType = 4;
		};
		8CD62EB02D91DD420000020F = {
			children = (
				8CD62E552D91DCDF0000020F,
				8CD62E562D91DCDF0000020F,
				8CD62E572D91DCDF0000020F,
				8CD62E582D91DCDF0000020F,
				8CD62EB12D91DD700000020F,
				8CD62ED82D91EBA60000020F,
				8CD632692D91FF0F0000020F,
			);
			isa = PBXGroup;
			name = Legacy;
			refType = 4;
		};
		8CD62EB12D91DD700000020F = {
			fileEncoding = 30;
			isa = PBXFileReference;
			path = PB.project;
			refType = 4;
		};
		8CD62EB32D91DDEB0000020F = {
			fileEncoding = 30;
			isa = PBXFileReference;
			path = slre.c;
			refType = 4;
		};
		8CD62EB42D91DDEB0000020F = {
			fileEncoding = 30;
			isa = PBXFileReference;
			path = slre.h;
			refType = 4;
		};
		8CD62EB52D91DDEB0000020F = {
			fileRef = 8CD62EB32D91DDEB0000020F;
			isa = PBXBuildFile;
			settings = {
			};
		};
		8CD62EB62D91DDEB0000020F = {
			fileRef = 8CD62EB42D91DDEB0000020F;
			isa = PBXBuildFile;
			settings = {
			};
		};
		8CD62EC02D91DF730000020F = {
			children = (
				8CD62EC12D91DF730000020F,
			);
			isa = PBXVariantGroup;
			name = Localizable.strings;
			path = "";
			refType = 4;
		};
		8CD62EC12D91DF730000020F = {
			fileEncoding = 30;
			isa = PBXFileReference;
			name = English;
			path = English.lproj/Localizable.strings;
			refType = 4;
		};
		8CD62EC22D91DF730000020F = {
			fileRef = 8CD62EC02D91DF730000020F;
			isa = PBXBuildFile;
			settings = {
			};
		};
		8CD62ED82D91EBA60000020F = {
			isa = PBXFileReference;
			path = MathEdit.iconheader;
			refType = 4;
		};
		8CD632692D91FF0F0000020F = {
			fileEncoding = 30;
			isa = PBXFileReference;
			path = .gdbinit;
			refType = 4;
		};
	};
	rootObject = 2A37F4A9FDCFA73011CA2CEA;
}
